// !$*UTF8*$!
{
	archiveVersion = 1;
	classes = {
	};
	objectVersion = 46;
	objects = {

/* Begin PBXBuildFile section */
		B98506E716097B8D00CA2F8D /* BGRepositoriesSpec.m in Sources */ = {isa = PBXBuildFile; fileRef = B99BD9ED1604FDC8000AD406 /* BGRepositoriesSpec.m */; };
		B99BD9D31602679F000AD406 /* Default-568h@2x.png in Resources */ = {isa = PBXBuildFile; fileRef = B99BD9D21602679F000AD406 /* Default-568h@2x.png */; };
		B99BD9D71602FA98000AD406 /* BGEventManagerSpec.m in Sources */ = {isa = PBXBuildFile; fileRef = B9B83ECF15FF23980071F088 /* BGEventManagerSpec.m */; };
		B99BD9DA1602FB6A000AD406 /* MockReceivedEvents.m in Sources */ = {isa = PBXBuildFile; fileRef = B99BD9D91602FB6A000AD406 /* MockReceivedEvents.m */; };
		B99BD9E016042CB9000AD406 /* BGEventsControllerSpec.m in Sources */ = {isa = PBXBuildFile; fileRef = B99BD9DF16042CB9000AD406 /* BGEventsControllerSpec.m */; };
		B99BD9E216042CDA000AD406 /* BGRootControllerSpec.m in Sources */ = {isa = PBXBuildFile; fileRef = B99BD9E116042CDA000AD406 /* BGRootControllerSpec.m */; };
		B99BD9E51604FC80000AD406 /* BGRepository.m in Sources */ = {isa = PBXBuildFile; fileRef = B99BD9E41604FC7F000AD406 /* BGRepository.m */; };
		B99BD9E61604FC80000AD406 /* BGRepository.m in Sources */ = {isa = PBXBuildFile; fileRef = B99BD9E41604FC7F000AD406 /* BGRepository.m */; };
		B99BD9E91604FC9D000AD406 /* BGRepositories.m in Sources */ = {isa = PBXBuildFile; fileRef = B99BD9E81604FC9D000AD406 /* BGRepositories.m */; };
		B99BD9EA1604FC9D000AD406 /* BGRepositories.m in Sources */ = {isa = PBXBuildFile; fileRef = B99BD9E81604FC9D000AD406 /* BGRepositories.m */; };
		B99BD9EC1604FDA2000AD406 /* BGRepositorySpec.m in Sources */ = {isa = PBXBuildFile; fileRef = B99BD9EB1604FDA2000AD406 /* BGRepositorySpec.m */; };
		B9A21E30160980BC006167BE /* repo.alertninja.json in Resources */ = {isa = PBXBuildFile; fileRef = B9A21E2F160980BC006167BE /* repo.alertninja.json */; };
		B9A21E3316098C41006167BE /* user.repos.json in Resources */ = {isa = PBXBuildFile; fileRef = B9A21E3216098C41006167BE /* user.repos.json */; };
		B9B83D6E15FE7DB50071F088 /* UIKit.framework in Frameworks */ = {isa = PBXBuildFile; fileRef = B9B83D6D15FE7DB50071F088 /* UIKit.framework */; };
		B9B83D7015FE7DB50071F088 /* Foundation.framework in Frameworks */ = {isa = PBXBuildFile; fileRef = B9B83D6F15FE7DB50071F088 /* Foundation.framework */; };
		B9B83D7215FE7DB50071F088 /* CoreGraphics.framework in Frameworks */ = {isa = PBXBuildFile; fileRef = B9B83D7115FE7DB50071F088 /* CoreGraphics.framework */; };
		B9B83D7815FE7DB50071F088 /* InfoPlist.strings in Resources */ = {isa = PBXBuildFile; fileRef = B9B83D7615FE7DB50071F088 /* InfoPlist.strings */; };
		B9B83D7A15FE7DB50071F088 /* main.m in Sources */ = {isa = PBXBuildFile; fileRef = B9B83D7915FE7DB50071F088 /* main.m */; };
		B9B83D7E15FE7DB50071F088 /* BGAppDelegate.m in Sources */ = {isa = PBXBuildFile; fileRef = B9B83D7D15FE7DB50071F088 /* BGAppDelegate.m */; };
		B9B83D8F15FE7DB60071F088 /* SenTestingKit.framework in Frameworks */ = {isa = PBXBuildFile; fileRef = B9B83D8E15FE7DB60071F088 /* SenTestingKit.framework */; };
		B9B83D9015FE7DB60071F088 /* UIKit.framework in Frameworks */ = {isa = PBXBuildFile; fileRef = B9B83D6D15FE7DB50071F088 /* UIKit.framework */; };
		B9B83D9115FE7DB60071F088 /* Foundation.framework in Frameworks */ = {isa = PBXBuildFile; fileRef = B9B83D6F15FE7DB50071F088 /* Foundation.framework */; };
		B9B83D9915FE7DB60071F088 /* InfoPlist.strings in Resources */ = {isa = PBXBuildFile; fileRef = B9B83D9715FE7DB60071F088 /* InfoPlist.strings */; };
		B9B83E0915FE81290071F088 /* BGAuthenticationController.m in Sources */ = {isa = PBXBuildFile; fileRef = B9B83DC315FE81290071F088 /* BGAuthenticationController.m */; };
		B9B83E0A15FE81290071F088 /* BGAuthenticationController.m in Sources */ = {isa = PBXBuildFile; fileRef = B9B83DC315FE81290071F088 /* BGAuthenticationController.m */; };
		B9B83E0B15FE81290071F088 /* BGAuthenticationManager.m in Sources */ = {isa = PBXBuildFile; fileRef = B9B83DC515FE81290071F088 /* BGAuthenticationManager.m */; };
		B9B83E0C15FE81290071F088 /* BGAuthenticationManager.m in Sources */ = {isa = PBXBuildFile; fileRef = B9B83DC515FE81290071F088 /* BGAuthenticationManager.m */; };
		B9B83E0D15FE81290071F088 /* BGAuthenticationView.m in Sources */ = {isa = PBXBuildFile; fileRef = B9B83DC715FE81290071F088 /* BGAuthenticationView.m */; };
		B9B83E0E15FE81290071F088 /* BGAuthenticationView.m in Sources */ = {isa = PBXBuildFile; fileRef = B9B83DC715FE81290071F088 /* BGAuthenticationView.m */; };
		B9B83E0F15FE81290071F088 /* BGBaseCell.m in Sources */ = {isa = PBXBuildFile; fileRef = B9B83DC915FE81290071F088 /* BGBaseCell.m */; };
		B9B83E1015FE81290071F088 /* BGBaseCell.m in Sources */ = {isa = PBXBuildFile; fileRef = B9B83DC915FE81290071F088 /* BGBaseCell.m */; };
		B9B83E1115FE81290071F088 /* BGEventsController.m in Sources */ = {isa = PBXBuildFile; fileRef = B9B83DCB15FE81290071F088 /* BGEventsController.m */; };
		B9B83E1215FE81290071F088 /* BGEventsController.m in Sources */ = {isa = PBXBuildFile; fileRef = B9B83DCB15FE81290071F088 /* BGEventsController.m */; };
		B9B83E1515FE81290071F088 /* BGFeedEntryCell.m in Sources */ = {isa = PBXBuildFile; fileRef = B9B83DCF15FE81290071F088 /* BGFeedEntryCell.m */; };
		B9B83E1615FE81290071F088 /* BGFeedEntryCell.m in Sources */ = {isa = PBXBuildFile; fileRef = B9B83DCF15FE81290071F088 /* BGFeedEntryCell.m */; };
		B9B83E1B15FE81290071F088 /* BGGithubResource.m in Sources */ = {isa = PBXBuildFile; fileRef = B9B83DD515FE81290071F088 /* BGGithubResource.m */; };
		B9B83E1C15FE81290071F088 /* BGGithubResource.m in Sources */ = {isa = PBXBuildFile; fileRef = B9B83DD515FE81290071F088 /* BGGithubResource.m */; };
		B9B83E1D15FE81290071F088 /* BGGlobalMenuContentCell.m in Sources */ = {isa = PBXBuildFile; fileRef = B9B83DD715FE81290071F088 /* BGGlobalMenuContentCell.m */; };
		B9B83E1E15FE81290071F088 /* BGGlobalMenuContentCell.m in Sources */ = {isa = PBXBuildFile; fileRef = B9B83DD715FE81290071F088 /* BGGlobalMenuContentCell.m */; };
		B9B83E1F15FE81290071F088 /* BGGlobalMenuContents.m in Sources */ = {isa = PBXBuildFile; fileRef = B9B83DD915FE81290071F088 /* BGGlobalMenuContents.m */; };
		B9B83E2015FE81290071F088 /* BGGlobalMenuContents.m in Sources */ = {isa = PBXBuildFile; fileRef = B9B83DD915FE81290071F088 /* BGGlobalMenuContents.m */; };
		B9B83E2115FE81290071F088 /* BGGlobalMenuController.m in Sources */ = {isa = PBXBuildFile; fileRef = B9B83DDB15FE81290071F088 /* BGGlobalMenuController.m */; };
		B9B83E2215FE81290071F088 /* BGGlobalMenuController.m in Sources */ = {isa = PBXBuildFile; fileRef = B9B83DDB15FE81290071F088 /* BGGlobalMenuController.m */; };
		B9B83E2315FE81290071F088 /* BGGlobalMenuUserView.m in Sources */ = {isa = PBXBuildFile; fileRef = B9B83DDE15FE81290071F088 /* BGGlobalMenuUserView.m */; };
		B9B83E2415FE81290071F088 /* BGGlobalMenuUserView.m in Sources */ = {isa = PBXBuildFile; fileRef = B9B83DDE15FE81290071F088 /* BGGlobalMenuUserView.m */; };
		B9B83E2515FE81290071F088 /* BGGravatarImageView.m in Sources */ = {isa = PBXBuildFile; fileRef = B9B83DE015FE81290071F088 /* BGGravatarImageView.m */; };
		B9B83E2615FE81290071F088 /* BGGravatarImageView.m in Sources */ = {isa = PBXBuildFile; fileRef = B9B83DE015FE81290071F088 /* BGGravatarImageView.m */; };
		B9B83E2715FE81290071F088 /* BGIssuesController.m in Sources */ = {isa = PBXBuildFile; fileRef = B9B83DE215FE81290071F088 /* BGIssuesController.m */; };
		B9B83E2815FE81290071F088 /* BGIssuesController.m in Sources */ = {isa = PBXBuildFile; fileRef = B9B83DE215FE81290071F088 /* BGIssuesController.m */; };
		B9B83E2915FE81290071F088 /* BGNavigationController.m in Sources */ = {isa = PBXBuildFile; fileRef = B9B83DE415FE81290071F088 /* BGNavigationController.m */; };
		B9B83E2A15FE81290071F088 /* BGNavigationController.m in Sources */ = {isa = PBXBuildFile; fileRef = B9B83DE415FE81290071F088 /* BGNavigationController.m */; };
		B9B83E2B15FE81290071F088 /* BGPullRequestsController.m in Sources */ = {isa = PBXBuildFile; fileRef = B9B83DE615FE81290071F088 /* BGPullRequestsController.m */; };
		B9B83E2C15FE81290071F088 /* BGPullRequestsController.m in Sources */ = {isa = PBXBuildFile; fileRef = B9B83DE615FE81290071F088 /* BGPullRequestsController.m */; };
		B9B83E2D15FE81290071F088 /* BGRepositoriesController.m in Sources */ = {isa = PBXBuildFile; fileRef = B9B83DE815FE81290071F088 /* BGRepositoriesController.m */; };
		B9B83E2E15FE81290071F088 /* BGRepositoriesController.m in Sources */ = {isa = PBXBuildFile; fileRef = B9B83DE815FE81290071F088 /* BGRepositoriesController.m */; };
		B9B83E2F15FE81290071F088 /* BGRootController.m in Sources */ = {isa = PBXBuildFile; fileRef = B9B83DEA15FE81290071F088 /* BGRootController.m */; };
		B9B83E3015FE81290071F088 /* BGRootController.m in Sources */ = {isa = PBXBuildFile; fileRef = B9B83DEA15FE81290071F088 /* BGRootController.m */; };
		B9B83E3115FE81290071F088 /* BGStarsController.m in Sources */ = {isa = PBXBuildFile; fileRef = B9B83DED15FE81290071F088 /* BGStarsController.m */; };
		B9B83E3215FE81290071F088 /* BGStarsController.m in Sources */ = {isa = PBXBuildFile; fileRef = B9B83DED15FE81290071F088 /* BGStarsController.m */; };
		B9B83E3315FE81290071F088 /* BGUser.m in Sources */ = {isa = PBXBuildFile; fileRef = B9B83DEF15FE81290071F088 /* BGUser.m */; };
		B9B83E3415FE81290071F088 /* BGUser.m in Sources */ = {isa = PBXBuildFile; fileRef = B9B83DEF15FE81290071F088 /* BGUser.m */; };
		B9B83E3515FE81290071F088 /* BrowseGithub.m in Sources */ = {isa = PBXBuildFile; fileRef = B9B83DF115FE81290071F088 /* BrowseGithub.m */; };
		B9B83E3615FE81290071F088 /* BrowseGithub.m in Sources */ = {isa = PBXBuildFile; fileRef = B9B83DF115FE81290071F088 /* BrowseGithub.m */; };
		B9B83E3715FE81290071F088 /* NSURL+GithubResource.m in Sources */ = {isa = PBXBuildFile; fileRef = B9B83DF315FE81290071F088 /* NSURL+GithubResource.m */; };
		B9B83E3815FE81290071F088 /* NSURL+GithubResource.m in Sources */ = {isa = PBXBuildFile; fileRef = B9B83DF315FE81290071F088 /* NSURL+GithubResource.m */; };
		B9B83E3915FE81290071F088 /* PatchedJASidePanelController.m in Sources */ = {isa = PBXBuildFile; fileRef = B9B83DF515FE81290071F088 /* PatchedJASidePanelController.m */; };
		B9B83E3A15FE81290071F088 /* PatchedJASidePanelController.m in Sources */ = {isa = PBXBuildFile; fileRef = B9B83DF515FE81290071F088 /* PatchedJASidePanelController.m */; };
		B9B83E3B15FE81290071F088 /* AppStore.png in Resources */ = {isa = PBXBuildFile; fileRef = B9B83DF715FE81290071F088 /* AppStore.png */; };
		B9B83E3C15FE81290071F088 /* AppStore.png in Resources */ = {isa = PBXBuildFile; fileRef = B9B83DF715FE81290071F088 /* AppStore.png */; };
		B9B83E3D15FE81290071F088 /* AppStore@2x.png in Resources */ = {isa = PBXBuildFile; fileRef = B9B83DF815FE81290071F088 /* AppStore@2x.png */; };
		B9B83E3E15FE81290071F088 /* AppStore@2x.png in Resources */ = {isa = PBXBuildFile; fileRef = B9B83DF815FE81290071F088 /* AppStore@2x.png */; };
		B9B83E3F15FE81290071F088 /* default-logo.png in Resources */ = {isa = PBXBuildFile; fileRef = B9B83DF915FE81290071F088 /* default-logo.png */; };
		B9B83E4015FE81290071F088 /* default-logo.png in Resources */ = {isa = PBXBuildFile; fileRef = B9B83DF915FE81290071F088 /* default-logo.png */; };
		B9B83E4115FE81290071F088 /* default-logo@2x.png in Resources */ = {isa = PBXBuildFile; fileRef = B9B83DFA15FE81290071F088 /* default-logo@2x.png */; };
		B9B83E4215FE81290071F088 /* default-logo@2x.png in Resources */ = {isa = PBXBuildFile; fileRef = B9B83DFA15FE81290071F088 /* default-logo@2x.png */; };
		B9B83E4315FE81290071F088 /* menu-button-highlighted.png in Resources */ = {isa = PBXBuildFile; fileRef = B9B83DFB15FE81290071F088 /* menu-button-highlighted.png */; };
		B9B83E4415FE81290071F088 /* menu-button-highlighted.png in Resources */ = {isa = PBXBuildFile; fileRef = B9B83DFB15FE81290071F088 /* menu-button-highlighted.png */; };
		B9B83E4515FE81290071F088 /* menu-button-highlighted@2x.png in Resources */ = {isa = PBXBuildFile; fileRef = B9B83DFC15FE81290071F088 /* menu-button-highlighted@2x.png */; };
		B9B83E4615FE81290071F088 /* menu-button-highlighted@2x.png in Resources */ = {isa = PBXBuildFile; fileRef = B9B83DFC15FE81290071F088 /* menu-button-highlighted@2x.png */; };
		B9B83E4715FE81290071F088 /* menu-button.png in Resources */ = {isa = PBXBuildFile; fileRef = B9B83DFD15FE81290071F088 /* menu-button.png */; };
		B9B83E4815FE81290071F088 /* menu-button.png in Resources */ = {isa = PBXBuildFile; fileRef = B9B83DFD15FE81290071F088 /* menu-button.png */; };
		B9B83E4915FE81290071F088 /* menu-button@2x.png in Resources */ = {isa = PBXBuildFile; fileRef = B9B83DFE15FE81290071F088 /* menu-button@2x.png */; };
		B9B83E4A15FE81290071F088 /* menu-button@2x.png in Resources */ = {isa = PBXBuildFile; fileRef = B9B83DFE15FE81290071F088 /* menu-button@2x.png */; };
		B9B83E4B15FE81290071F088 /* navigation-background.png in Resources */ = {isa = PBXBuildFile; fileRef = B9B83DFF15FE81290071F088 /* navigation-background.png */; };
		B9B83E4C15FE81290071F088 /* navigation-background.png in Resources */ = {isa = PBXBuildFile; fileRef = B9B83DFF15FE81290071F088 /* navigation-background.png */; };
		B9B83E4D15FE81290071F088 /* navigation-background@2x.png in Resources */ = {isa = PBXBuildFile; fileRef = B9B83E0015FE81290071F088 /* navigation-background@2x.png */; };
		B9B83E4E15FE81290071F088 /* navigation-background@2x.png in Resources */ = {isa = PBXBuildFile; fileRef = B9B83E0015FE81290071F088 /* navigation-background@2x.png */; };
		B9B83E4F15FE81290071F088 /* OpenSans-Bold.ttf in Resources */ = {isa = PBXBuildFile; fileRef = B9B83E0115FE81290071F088 /* OpenSans-Bold.ttf */; };
		B9B83E5015FE81290071F088 /* OpenSans-Bold.ttf in Resources */ = {isa = PBXBuildFile; fileRef = B9B83E0115FE81290071F088 /* OpenSans-Bold.ttf */; };
		B9B83E5115FE81290071F088 /* OpenSans-Regular.ttf in Resources */ = {isa = PBXBuildFile; fileRef = B9B83E0215FE81290071F088 /* OpenSans-Regular.ttf */; };
		B9B83E5215FE81290071F088 /* OpenSans-Regular.ttf in Resources */ = {isa = PBXBuildFile; fileRef = B9B83E0215FE81290071F088 /* OpenSans-Regular.ttf */; };
		B9B83E5315FE81290071F088 /* UIColor+BrowseGithub.m in Sources */ = {isa = PBXBuildFile; fileRef = B9B83E0415FE81290071F088 /* UIColor+BrowseGithub.m */; };
		B9B83E5415FE81290071F088 /* UIColor+BrowseGithub.m in Sources */ = {isa = PBXBuildFile; fileRef = B9B83E0415FE81290071F088 /* UIColor+BrowseGithub.m */; };
		B9B83E5515FE81290071F088 /* UIFont+BrowseGithub.m in Sources */ = {isa = PBXBuildFile; fileRef = B9B83E0615FE81290071F088 /* UIFont+BrowseGithub.m */; };
		B9B83E5615FE81290071F088 /* UIFont+BrowseGithub.m in Sources */ = {isa = PBXBuildFile; fileRef = B9B83E0615FE81290071F088 /* UIFont+BrowseGithub.m */; };
		B9B83E5715FE81290071F088 /* UIGlossyButton+BrowseGithub.m in Sources */ = {isa = PBXBuildFile; fileRef = B9B83E0815FE81290071F088 /* UIGlossyButton+BrowseGithub.m */; };
		B9B83E5815FE81290071F088 /* UIGlossyButton+BrowseGithub.m in Sources */ = {isa = PBXBuildFile; fileRef = B9B83E0815FE81290071F088 /* UIGlossyButton+BrowseGithub.m */; };
		B9B83E9C15FE81E50071F088 /* CoreGraphics.framework in Frameworks */ = {isa = PBXBuildFile; fileRef = B9B83D7115FE7DB50071F088 /* CoreGraphics.framework */; };
		B9B83EBC15FF03EB0071F088 /* Default.png in Resources */ = {isa = PBXBuildFile; fileRef = B9B83EBA15FF03EB0071F088 /* Default.png */; };
		B9B83EBD15FF03EB0071F088 /* Default@2x.png in Resources */ = {isa = PBXBuildFile; fileRef = B9B83EBB15FF03EB0071F088 /* Default@2x.png */; };
		B9B83EC015FF03F60071F088 /* iPhone.png in Resources */ = {isa = PBXBuildFile; fileRef = B9B83EBE15FF03F60071F088 /* iPhone.png */; };
		B9B83EC115FF03F60071F088 /* iPhone@2x.png in Resources */ = {isa = PBXBuildFile; fileRef = B9B83EBF15FF03F60071F088 /* iPhone@2x.png */; };
		B9B83EC915FF21140071F088 /* BGGlobalMenuUserViewSpec.m in Sources */ = {isa = PBXBuildFile; fileRef = B9B83EC815FF21140071F088 /* BGGlobalMenuUserViewSpec.m */; };
		B9B83EE915FF23980071F088 /* AsyncSupporter.m in Sources */ = {isa = PBXBuildFile; fileRef = B9B83ECD15FF23980071F088 /* AsyncSupporter.m */; };
		B9B83EEA15FF23980071F088 /* BGAuthenticationManagerSpec.m in Sources */ = {isa = PBXBuildFile; fileRef = B9B83ECE15FF23980071F088 /* BGAuthenticationManagerSpec.m */; };
		B9B83EEF15FF23980071F088 /* BGGithubResourceSpec.m in Sources */ = {isa = PBXBuildFile; fileRef = B9B83ED315FF23980071F088 /* BGGithubResourceSpec.m */; };
		B9B83EF015FF23980071F088 /* BGGlobalMenuContentsSpec.m in Sources */ = {isa = PBXBuildFile; fileRef = B9B83ED415FF23980071F088 /* BGGlobalMenuContentsSpec.m */; };
		B9B83EF115FF23980071F088 /* BGGlobalMenuControllerSpec.m in Sources */ = {isa = PBXBuildFile; fileRef = B9B83ED515FF23980071F088 /* BGGlobalMenuControllerSpec.m */; };
		B9B83EF215FF23980071F088 /* BGUserSpec.m in Sources */ = {isa = PBXBuildFile; fileRef = B9B83ED615FF23980071F088 /* BGUserSpec.m */; };
		B9B83EF315FF23980071F088 /* BrowseGithubSpecs-Info.plist in Resources */ = {isa = PBXBuildFile; fileRef = B9B83ED715FF23980071F088 /* BrowseGithubSpecs-Info.plist */; };
		B9B83EF515FF23980071F088 /* FakeNotificationReceiver.m in Sources */ = {isa = PBXBuildFile; fileRef = B9B83EDC15FF23980071F088 /* FakeNotificationReceiver.m */; };
		B9B83EF615FF23980071F088 /* NLTHTTPStubServer+Specs.m in Sources */ = {isa = PBXBuildFile; fileRef = B9B83EDE15FF23980071F088 /* NLTHTTPStubServer+Specs.m */; };
		B9B83EF715FF23980071F088 /* NSBundle+Specs.m in Sources */ = {isa = PBXBuildFile; fileRef = B9B83EE015FF23980071F088 /* NSBundle+Specs.m */; };
		B9B83EF815FF23980071F088 /* resource.json in Resources */ = {isa = PBXBuildFile; fileRef = B9B83EE315FF23980071F088 /* resource.json */; };
		B9B83EF915FF23980071F088 /* user.json in Resources */ = {isa = PBXBuildFile; fileRef = B9B83EE415FF23980071F088 /* user.json */; };
		B9B83EFA15FF23980071F088 /* user.private.atom in Resources */ = {isa = PBXBuildFile; fileRef = B9B83EE515FF23980071F088 /* user.private.atom */; };
		B9B83EFB15FF23980071F088 /* user.private.short.atom in Resources */ = {isa = PBXBuildFile; fileRef = B9B83EE615FF23980071F088 /* user.private.short.atom */; };
		B9B83EFC15FF23980071F088 /* UIApplication+Spec.m in Sources */ = {isa = PBXBuildFile; fileRef = B9B83EE815FF23980071F088 /* UIApplication+Spec.m */; };
		B9B83F0015FF9CC70071F088 /* BGEvent.m in Sources */ = {isa = PBXBuildFile; fileRef = B9B83EFF15FF9CC70071F088 /* BGEvent.m */; };
		B9B83F0115FF9CC70071F088 /* BGEvent.m in Sources */ = {isa = PBXBuildFile; fileRef = B9B83EFF15FF9CC70071F088 /* BGEvent.m */; };
		B9B83F0A15FF9DA40071F088 /* BGEventSpec.m in Sources */ = {isa = PBXBuildFile; fileRef = B9B83F0915FF9DA40071F088 /* BGEventSpec.m */; };
		B9B83F0C15FFA5AB0071F088 /* event.json in Resources */ = {isa = PBXBuildFile; fileRef = B9B83F0B15FFA5AB0071F088 /* event.json */; };
		B9B83F0F15FFA92B0071F088 /* BGReceivedEvents.m in Sources */ = {isa = PBXBuildFile; fileRef = B9B83F0E15FFA92B0071F088 /* BGReceivedEvents.m */; };
		B9B83F1015FFA92B0071F088 /* BGReceivedEvents.m in Sources */ = {isa = PBXBuildFile; fileRef = B9B83F0E15FFA92B0071F088 /* BGReceivedEvents.m */; };
		B9B83F1215FFA95B0071F088 /* BGReceivedEventsSpec.m in Sources */ = {isa = PBXBuildFile; fileRef = B9B83F1115FFA95B0071F088 /* BGReceivedEventsSpec.m */; };
		B9B83F1415FFAC7E0071F088 /* received_events.json in Resources */ = {isa = PBXBuildFile; fileRef = B9B83F1315FFAC7E0071F088 /* received_events.json */; };
		B9B83F1B15FFB5CE0071F088 /* BGTableView.m in Sources */ = {isa = PBXBuildFile; fileRef = B9B83F1A15FFB5CD0071F088 /* BGTableView.m */; };
		B9B83F1C15FFB5CE0071F088 /* BGTableView.m in Sources */ = {isa = PBXBuildFile; fileRef = B9B83F1A15FFB5CD0071F088 /* BGTableView.m */; };
		B9B83F1F15FFB6AB0071F088 /* BGListController.m in Sources */ = {isa = PBXBuildFile; fileRef = B9B83F1E15FFB6AA0071F088 /* BGListController.m */; };
		B9B83F2015FFB6AB0071F088 /* BGListController.m in Sources */ = {isa = PBXBuildFile; fileRef = B9B83F1E15FFB6AA0071F088 /* BGListController.m */; };
		B9B83F2D15FFBC090071F088 /* BGListControllerSpec.m in Sources */ = {isa = PBXBuildFile; fileRef = B9B83F2C15FFBC090071F088 /* BGListControllerSpec.m */; };
		B9B83F311600D97F0071F088 /* BGEventManager.m in Sources */ = {isa = PBXBuildFile; fileRef = B9B83F301600D97F0071F088 /* BGEventManager.m */; };
		B9B83F321600D97F0071F088 /* BGEventManager.m in Sources */ = {isa = PBXBuildFile; fileRef = B9B83F301600D97F0071F088 /* BGEventManager.m */; };
		EF51ACE753A54CAD8A8CBA6A /* libPods.a in Frameworks */ = {isa = PBXBuildFile; fileRef = 43F191D7FD334108B3601B03 /* libPods.a */; };
/* End PBXBuildFile section */

/* Begin PBXContainerItemProxy section */
		B9B83D9215FE7DB60071F088 /* PBXContainerItemProxy */ = {
			isa = PBXContainerItemProxy;
			containerPortal = B9B83D6015FE7DB50071F088 /* Project object */;
			proxyType = 1;
			remoteGlobalIDString = B9B83D6815FE7DB50071F088;
			remoteInfo = BrowseGithub;
		};
/* End PBXContainerItemProxy section */

/* Begin PBXFileReference section */
		43F191D7FD334108B3601B03 /* libPods.a */ = {isa = PBXFileReference; explicitFileType = archive.ar; includeInIndex = 0; path = libPods.a; sourceTree = BUILT_PRODUCTS_DIR; };
		B99BD9D21602679F000AD406 /* Default-568h@2x.png */ = {isa = PBXFileReference; lastKnownFileType = image.png; path = "Default-568h@2x.png"; sourceTree = SOURCE_ROOT; };
		B99BD9D81602FB6A000AD406 /* MockReceivedEvents.h */ = {isa = PBXFileReference; fileEncoding = 4; lastKnownFileType = sourcecode.c.h; path = MockReceivedEvents.h; sourceTree = "<group>"; };
		B99BD9D91602FB6A000AD406 /* MockReceivedEvents.m */ = {isa = PBXFileReference; fileEncoding = 4; lastKnownFileType = sourcecode.c.objc; path = MockReceivedEvents.m; sourceTree = "<group>"; };
		B99BD9DF16042CB9000AD406 /* BGEventsControllerSpec.m */ = {isa = PBXFileReference; fileEncoding = 4; lastKnownFileType = sourcecode.c.objc; path = BGEventsControllerSpec.m; sourceTree = "<group>"; };
		B99BD9E116042CDA000AD406 /* BGRootControllerSpec.m */ = {isa = PBXFileReference; fileEncoding = 4; lastKnownFileType = sourcecode.c.objc; path = BGRootControllerSpec.m; sourceTree = "<group>"; };
		B99BD9E31604FC7E000AD406 /* BGRepository.h */ = {isa = PBXFileReference; fileEncoding = 4; lastKnownFileType = sourcecode.c.h; path = BGRepository.h; sourceTree = "<group>"; };
		B99BD9E41604FC7F000AD406 /* BGRepository.m */ = {isa = PBXFileReference; fileEncoding = 4; lastKnownFileType = sourcecode.c.objc; path = BGRepository.m; sourceTree = "<group>"; };
		B99BD9E71604FC9C000AD406 /* BGRepositories.h */ = {isa = PBXFileReference; fileEncoding = 4; lastKnownFileType = sourcecode.c.h; path = BGRepositories.h; sourceTree = "<group>"; };
		B99BD9E81604FC9D000AD406 /* BGRepositories.m */ = {isa = PBXFileReference; fileEncoding = 4; lastKnownFileType = sourcecode.c.objc; path = BGRepositories.m; sourceTree = "<group>"; };
		B99BD9EB1604FDA2000AD406 /* BGRepositorySpec.m */ = {isa = PBXFileReference; fileEncoding = 4; lastKnownFileType = sourcecode.c.objc; path = BGRepositorySpec.m; sourceTree = "<group>"; };
		B99BD9ED1604FDC8000AD406 /* BGRepositoriesSpec.m */ = {isa = PBXFileReference; fileEncoding = 4; lastKnownFileType = sourcecode.c.objc; path = BGRepositoriesSpec.m; sourceTree = "<group>"; };
		B9A21E2F160980BC006167BE /* repo.alertninja.json */ = {isa = PBXFileReference; fileEncoding = 4; lastKnownFileType = text.json; path = repo.alertninja.json; sourceTree = "<group>"; };
		B9A21E3216098C41006167BE /* user.repos.json */ = {isa = PBXFileReference; fileEncoding = 4; lastKnownFileType = text.json; path = user.repos.json; sourceTree = "<group>"; };
		B9B83D6915FE7DB50071F088 /* BrowseGithub.app */ = {isa = PBXFileReference; explicitFileType = wrapper.application; includeInIndex = 0; path = BrowseGithub.app; sourceTree = BUILT_PRODUCTS_DIR; };
		B9B83D6D15FE7DB50071F088 /* UIKit.framework */ = {isa = PBXFileReference; includeInIndex = 1; lastKnownFileType = wrapper.framework; name = UIKit.framework; path = System/Library/Frameworks/UIKit.framework; sourceTree = SDKROOT; };
		B9B83D6F15FE7DB50071F088 /* Foundation.framework */ = {isa = PBXFileReference; includeInIndex = 1; lastKnownFileType = wrapper.framework; name = Foundation.framework; path = System/Library/Frameworks/Foundation.framework; sourceTree = SDKROOT; };
		B9B83D7115FE7DB50071F088 /* CoreGraphics.framework */ = {isa = PBXFileReference; includeInIndex = 1; lastKnownFileType = wrapper.framework; name = CoreGraphics.framework; path = System/Library/Frameworks/CoreGraphics.framework; sourceTree = SDKROOT; };
		B9B83D7515FE7DB50071F088 /* BrowseGithub-Info.plist */ = {isa = PBXFileReference; lastKnownFileType = text.plist.xml; path = "BrowseGithub-Info.plist"; sourceTree = "<group>"; };
		B9B83D7715FE7DB50071F088 /* en */ = {isa = PBXFileReference; lastKnownFileType = text.plist.strings; name = en; path = en.lproj/InfoPlist.strings; sourceTree = "<group>"; };
		B9B83D7915FE7DB50071F088 /* main.m */ = {isa = PBXFileReference; lastKnownFileType = sourcecode.c.objc; path = main.m; sourceTree = "<group>"; };
		B9B83D7B15FE7DB50071F088 /* BrowseGithub-Prefix.pch */ = {isa = PBXFileReference; lastKnownFileType = sourcecode.c.h; path = "BrowseGithub-Prefix.pch"; sourceTree = "<group>"; };
		B9B83D7C15FE7DB50071F088 /* BGAppDelegate.h */ = {isa = PBXFileReference; lastKnownFileType = sourcecode.c.h; path = BGAppDelegate.h; sourceTree = "<group>"; };
		B9B83D7D15FE7DB50071F088 /* BGAppDelegate.m */ = {isa = PBXFileReference; lastKnownFileType = sourcecode.c.objc; path = BGAppDelegate.m; sourceTree = "<group>"; };
		B9B83D8D15FE7DB60071F088 /* BrowseGithubTests.octest */ = {isa = PBXFileReference; explicitFileType = wrapper.cfbundle; includeInIndex = 0; path = BrowseGithubTests.octest; sourceTree = BUILT_PRODUCTS_DIR; };
		B9B83D8E15FE7DB60071F088 /* SenTestingKit.framework */ = {isa = PBXFileReference; lastKnownFileType = wrapper.framework; name = SenTestingKit.framework; path = Library/Frameworks/SenTestingKit.framework; sourceTree = DEVELOPER_DIR; };
		B9B83D9615FE7DB60071F088 /* BrowseGithubTests-Info.plist */ = {isa = PBXFileReference; lastKnownFileType = text.plist.xml; path = "BrowseGithubTests-Info.plist"; sourceTree = "<group>"; };
		B9B83D9815FE7DB60071F088 /* en */ = {isa = PBXFileReference; lastKnownFileType = text.plist.strings; name = en; path = en.lproj/InfoPlist.strings; sourceTree = "<group>"; };
		B9B83DC215FE81290071F088 /* BGAuthenticationController.h */ = {isa = PBXFileReference; fileEncoding = 4; lastKnownFileType = sourcecode.c.h; path = BGAuthenticationController.h; sourceTree = "<group>"; };
		B9B83DC315FE81290071F088 /* BGAuthenticationController.m */ = {isa = PBXFileReference; fileEncoding = 4; lastKnownFileType = sourcecode.c.objc; path = BGAuthenticationController.m; sourceTree = "<group>"; };
		B9B83DC415FE81290071F088 /* BGAuthenticationManager.h */ = {isa = PBXFileReference; fileEncoding = 4; lastKnownFileType = sourcecode.c.h; path = BGAuthenticationManager.h; sourceTree = "<group>"; };
		B9B83DC515FE81290071F088 /* BGAuthenticationManager.m */ = {isa = PBXFileReference; fileEncoding = 4; lastKnownFileType = sourcecode.c.objc; path = BGAuthenticationManager.m; sourceTree = "<group>"; };
		B9B83DC615FE81290071F088 /* BGAuthenticationView.h */ = {isa = PBXFileReference; fileEncoding = 4; lastKnownFileType = sourcecode.c.h; path = BGAuthenticationView.h; sourceTree = "<group>"; };
		B9B83DC715FE81290071F088 /* BGAuthenticationView.m */ = {isa = PBXFileReference; fileEncoding = 4; lastKnownFileType = sourcecode.c.objc; path = BGAuthenticationView.m; sourceTree = "<group>"; };
		B9B83DC815FE81290071F088 /* BGBaseCell.h */ = {isa = PBXFileReference; fileEncoding = 4; lastKnownFileType = sourcecode.c.h; path = BGBaseCell.h; sourceTree = "<group>"; };
		B9B83DC915FE81290071F088 /* BGBaseCell.m */ = {isa = PBXFileReference; fileEncoding = 4; lastKnownFileType = sourcecode.c.objc; path = BGBaseCell.m; sourceTree = "<group>"; };
		B9B83DCA15FE81290071F088 /* BGEventsController.h */ = {isa = PBXFileReference; fileEncoding = 4; lastKnownFileType = sourcecode.c.h; path = BGEventsController.h; sourceTree = "<group>"; };
		B9B83DCB15FE81290071F088 /* BGEventsController.m */ = {isa = PBXFileReference; fileEncoding = 4; lastKnownFileType = sourcecode.c.objc; path = BGEventsController.m; sourceTree = "<group>"; };
		B9B83DCE15FE81290071F088 /* BGFeedEntryCell.h */ = {isa = PBXFileReference; fileEncoding = 4; lastKnownFileType = sourcecode.c.h; path = BGFeedEntryCell.h; sourceTree = "<group>"; };
		B9B83DCF15FE81290071F088 /* BGFeedEntryCell.m */ = {isa = PBXFileReference; fileEncoding = 4; lastKnownFileType = sourcecode.c.objc; path = BGFeedEntryCell.m; sourceTree = "<group>"; };
		B9B83DD415FE81290071F088 /* BGGithubResource.h */ = {isa = PBXFileReference; fileEncoding = 4; lastKnownFileType = sourcecode.c.h; path = BGGithubResource.h; sourceTree = "<group>"; };
		B9B83DD515FE81290071F088 /* BGGithubResource.m */ = {isa = PBXFileReference; fileEncoding = 4; lastKnownFileType = sourcecode.c.objc; path = BGGithubResource.m; sourceTree = "<group>"; };
		B9B83DD615FE81290071F088 /* BGGlobalMenuContentCell.h */ = {isa = PBXFileReference; fileEncoding = 4; lastKnownFileType = sourcecode.c.h; path = BGGlobalMenuContentCell.h; sourceTree = "<group>"; };
		B9B83DD715FE81290071F088 /* BGGlobalMenuContentCell.m */ = {isa = PBXFileReference; fileEncoding = 4; lastKnownFileType = sourcecode.c.objc; path = BGGlobalMenuContentCell.m; sourceTree = "<group>"; };
		B9B83DD815FE81290071F088 /* BGGlobalMenuContents.h */ = {isa = PBXFileReference; fileEncoding = 4; lastKnownFileType = sourcecode.c.h; path = BGGlobalMenuContents.h; sourceTree = "<group>"; };
		B9B83DD915FE81290071F088 /* BGGlobalMenuContents.m */ = {isa = PBXFileReference; fileEncoding = 4; lastKnownFileType = sourcecode.c.objc; path = BGGlobalMenuContents.m; sourceTree = "<group>"; };
		B9B83DDA15FE81290071F088 /* BGGlobalMenuController.h */ = {isa = PBXFileReference; fileEncoding = 4; lastKnownFileType = sourcecode.c.h; path = BGGlobalMenuController.h; sourceTree = "<group>"; };
		B9B83DDB15FE81290071F088 /* BGGlobalMenuController.m */ = {isa = PBXFileReference; fileEncoding = 4; lastKnownFileType = sourcecode.c.objc; path = BGGlobalMenuController.m; sourceTree = "<group>"; };
		B9B83DDC15FE81290071F088 /* BGGlobalMenuControllerDelegate.h */ = {isa = PBXFileReference; fileEncoding = 4; lastKnownFileType = sourcecode.c.h; path = BGGlobalMenuControllerDelegate.h; sourceTree = "<group>"; };
		B9B83DDD15FE81290071F088 /* BGGlobalMenuUserView.h */ = {isa = PBXFileReference; fileEncoding = 4; lastKnownFileType = sourcecode.c.h; path = BGGlobalMenuUserView.h; sourceTree = "<group>"; };
		B9B83DDE15FE81290071F088 /* BGGlobalMenuUserView.m */ = {isa = PBXFileReference; fileEncoding = 4; lastKnownFileType = sourcecode.c.objc; path = BGGlobalMenuUserView.m; sourceTree = "<group>"; };
		B9B83DDF15FE81290071F088 /* BGGravatarImageView.h */ = {isa = PBXFileReference; fileEncoding = 4; lastKnownFileType = sourcecode.c.h; path = BGGravatarImageView.h; sourceTree = "<group>"; };
		B9B83DE015FE81290071F088 /* BGGravatarImageView.m */ = {isa = PBXFileReference; fileEncoding = 4; lastKnownFileType = sourcecode.c.objc; path = BGGravatarImageView.m; sourceTree = "<group>"; };
		B9B83DE115FE81290071F088 /* BGIssuesController.h */ = {isa = PBXFileReference; fileEncoding = 4; lastKnownFileType = sourcecode.c.h; path = BGIssuesController.h; sourceTree = "<group>"; };
		B9B83DE215FE81290071F088 /* BGIssuesController.m */ = {isa = PBXFileReference; fileEncoding = 4; lastKnownFileType = sourcecode.c.objc; path = BGIssuesController.m; sourceTree = "<group>"; };
		B9B83DE315FE81290071F088 /* BGNavigationController.h */ = {isa = PBXFileReference; fileEncoding = 4; lastKnownFileType = sourcecode.c.h; path = BGNavigationController.h; sourceTree = "<group>"; };
		B9B83DE415FE81290071F088 /* BGNavigationController.m */ = {isa = PBXFileReference; fileEncoding = 4; lastKnownFileType = sourcecode.c.objc; path = BGNavigationController.m; sourceTree = "<group>"; };
		B9B83DE515FE81290071F088 /* BGPullRequestsController.h */ = {isa = PBXFileReference; fileEncoding = 4; lastKnownFileType = sourcecode.c.h; path = BGPullRequestsController.h; sourceTree = "<group>"; };
		B9B83DE615FE81290071F088 /* BGPullRequestsController.m */ = {isa = PBXFileReference; fileEncoding = 4; lastKnownFileType = sourcecode.c.objc; path = BGPullRequestsController.m; sourceTree = "<group>"; };
		B9B83DE715FE81290071F088 /* BGRepositoriesController.h */ = {isa = PBXFileReference; fileEncoding = 4; lastKnownFileType = sourcecode.c.h; path = BGRepositoriesController.h; sourceTree = "<group>"; };
		B9B83DE815FE81290071F088 /* BGRepositoriesController.m */ = {isa = PBXFileReference; fileEncoding = 4; lastKnownFileType = sourcecode.c.objc; path = BGRepositoriesController.m; sourceTree = "<group>"; };
		B9B83DE915FE81290071F088 /* BGRootController.h */ = {isa = PBXFileReference; fileEncoding = 4; lastKnownFileType = sourcecode.c.h; path = BGRootController.h; sourceTree = "<group>"; };
		B9B83DEA15FE81290071F088 /* BGRootController.m */ = {isa = PBXFileReference; fileEncoding = 4; lastKnownFileType = sourcecode.c.objc; path = BGRootController.m; sourceTree = "<group>"; };
		B9B83DEB15FE81290071F088 /* BGSecretKeys.h */ = {isa = PBXFileReference; fileEncoding = 4; lastKnownFileType = sourcecode.c.h; path = BGSecretKeys.h; sourceTree = "<group>"; };
		B9B83DEC15FE81290071F088 /* BGStarsController.h */ = {isa = PBXFileReference; fileEncoding = 4; lastKnownFileType = sourcecode.c.h; path = BGStarsController.h; sourceTree = "<group>"; };
		B9B83DED15FE81290071F088 /* BGStarsController.m */ = {isa = PBXFileReference; fileEncoding = 4; lastKnownFileType = sourcecode.c.objc; path = BGStarsController.m; sourceTree = "<group>"; };
		B9B83DEE15FE81290071F088 /* BGUser.h */ = {isa = PBXFileReference; fileEncoding = 4; lastKnownFileType = sourcecode.c.h; path = BGUser.h; sourceTree = "<group>"; };
		B9B83DEF15FE81290071F088 /* BGUser.m */ = {isa = PBXFileReference; fileEncoding = 4; lastKnownFileType = sourcecode.c.objc; path = BGUser.m; sourceTree = "<group>"; };
		B9B83DF015FE81290071F088 /* BrowseGithub.h */ = {isa = PBXFileReference; fileEncoding = 4; lastKnownFileType = sourcecode.c.h; path = BrowseGithub.h; sourceTree = "<group>"; };
		B9B83DF115FE81290071F088 /* BrowseGithub.m */ = {isa = PBXFileReference; fileEncoding = 4; lastKnownFileType = sourcecode.c.objc; path = BrowseGithub.m; sourceTree = "<group>"; };
		B9B83DF215FE81290071F088 /* NSURL+GithubResource.h */ = {isa = PBXFileReference; fileEncoding = 4; lastKnownFileType = sourcecode.c.h; path = "NSURL+GithubResource.h"; sourceTree = "<group>"; };
		B9B83DF315FE81290071F088 /* NSURL+GithubResource.m */ = {isa = PBXFileReference; fileEncoding = 4; lastKnownFileType = sourcecode.c.objc; path = "NSURL+GithubResource.m"; sourceTree = "<group>"; };
		B9B83DF415FE81290071F088 /* PatchedJASidePanelController.h */ = {isa = PBXFileReference; fileEncoding = 4; lastKnownFileType = sourcecode.c.h; path = PatchedJASidePanelController.h; sourceTree = "<group>"; };
		B9B83DF515FE81290071F088 /* PatchedJASidePanelController.m */ = {isa = PBXFileReference; fileEncoding = 4; lastKnownFileType = sourcecode.c.objc; path = PatchedJASidePanelController.m; sourceTree = "<group>"; };
		B9B83DF715FE81290071F088 /* AppStore.png */ = {isa = PBXFileReference; lastKnownFileType = image.png; path = AppStore.png; sourceTree = "<group>"; };
		B9B83DF815FE81290071F088 /* AppStore@2x.png */ = {isa = PBXFileReference; lastKnownFileType = image.png; path = "AppStore@2x.png"; sourceTree = "<group>"; };
		B9B83DF915FE81290071F088 /* default-logo.png */ = {isa = PBXFileReference; lastKnownFileType = image.png; path = "default-logo.png"; sourceTree = "<group>"; };
		B9B83DFA15FE81290071F088 /* default-logo@2x.png */ = {isa = PBXFileReference; lastKnownFileType = image.png; path = "default-logo@2x.png"; sourceTree = "<group>"; };
		B9B83DFB15FE81290071F088 /* menu-button-highlighted.png */ = {isa = PBXFileReference; lastKnownFileType = image.png; path = "menu-button-highlighted.png"; sourceTree = "<group>"; };
		B9B83DFC15FE81290071F088 /* menu-button-highlighted@2x.png */ = {isa = PBXFileReference; lastKnownFileType = image.png; path = "menu-button-highlighted@2x.png"; sourceTree = "<group>"; };
		B9B83DFD15FE81290071F088 /* menu-button.png */ = {isa = PBXFileReference; lastKnownFileType = image.png; path = "menu-button.png"; sourceTree = "<group>"; };
		B9B83DFE15FE81290071F088 /* menu-button@2x.png */ = {isa = PBXFileReference; lastKnownFileType = image.png; path = "menu-button@2x.png"; sourceTree = "<group>"; };
		B9B83DFF15FE81290071F088 /* navigation-background.png */ = {isa = PBXFileReference; lastKnownFileType = image.png; path = "navigation-background.png"; sourceTree = "<group>"; };
		B9B83E0015FE81290071F088 /* navigation-background@2x.png */ = {isa = PBXFileReference; lastKnownFileType = image.png; path = "navigation-background@2x.png"; sourceTree = "<group>"; };
		B9B83E0115FE81290071F088 /* OpenSans-Bold.ttf */ = {isa = PBXFileReference; lastKnownFileType = file; path = "OpenSans-Bold.ttf"; sourceTree = "<group>"; };
		B9B83E0215FE81290071F088 /* OpenSans-Regular.ttf */ = {isa = PBXFileReference; lastKnownFileType = file; path = "OpenSans-Regular.ttf"; sourceTree = "<group>"; };
		B9B83E0315FE81290071F088 /* UIColor+BrowseGithub.h */ = {isa = PBXFileReference; fileEncoding = 4; lastKnownFileType = sourcecode.c.h; path = "UIColor+BrowseGithub.h"; sourceTree = "<group>"; };
		B9B83E0415FE81290071F088 /* UIColor+BrowseGithub.m */ = {isa = PBXFileReference; fileEncoding = 4; lastKnownFileType = sourcecode.c.objc; path = "UIColor+BrowseGithub.m"; sourceTree = "<group>"; };
		B9B83E0515FE81290071F088 /* UIFont+BrowseGithub.h */ = {isa = PBXFileReference; fileEncoding = 4; lastKnownFileType = sourcecode.c.h; path = "UIFont+BrowseGithub.h"; sourceTree = "<group>"; };
		B9B83E0615FE81290071F088 /* UIFont+BrowseGithub.m */ = {isa = PBXFileReference; fileEncoding = 4; lastKnownFileType = sourcecode.c.objc; path = "UIFont+BrowseGithub.m"; sourceTree = "<group>"; };
		B9B83E0715FE81290071F088 /* UIGlossyButton+BrowseGithub.h */ = {isa = PBXFileReference; fileEncoding = 4; lastKnownFileType = sourcecode.c.h; path = "UIGlossyButton+BrowseGithub.h"; sourceTree = "<group>"; };
		B9B83E0815FE81290071F088 /* UIGlossyButton+BrowseGithub.m */ = {isa = PBXFileReference; fileEncoding = 4; lastKnownFileType = sourcecode.c.objc; path = "UIGlossyButton+BrowseGithub.m"; sourceTree = "<group>"; };
		B9B83EBA15FF03EB0071F088 /* Default.png */ = {isa = PBXFileReference; lastKnownFileType = image.png; path = Default.png; sourceTree = SOURCE_ROOT; };
		B9B83EBB15FF03EB0071F088 /* Default@2x.png */ = {isa = PBXFileReference; lastKnownFileType = image.png; path = "Default@2x.png"; sourceTree = SOURCE_ROOT; };
		B9B83EBE15FF03F60071F088 /* iPhone.png */ = {isa = PBXFileReference; lastKnownFileType = image.png; path = iPhone.png; sourceTree = SOURCE_ROOT; };
		B9B83EBF15FF03F60071F088 /* iPhone@2x.png */ = {isa = PBXFileReference; lastKnownFileType = image.png; path = "iPhone@2x.png"; sourceTree = SOURCE_ROOT; };
		B9B83EC815FF21140071F088 /* BGGlobalMenuUserViewSpec.m */ = {isa = PBXFileReference; fileEncoding = 4; lastKnownFileType = sourcecode.c.objc; path = BGGlobalMenuUserViewSpec.m; sourceTree = "<group>"; };
		B9B83ECC15FF23970071F088 /* AsyncSupporter.h */ = {isa = PBXFileReference; fileEncoding = 4; lastKnownFileType = sourcecode.c.h; path = AsyncSupporter.h; sourceTree = "<group>"; };
		B9B83ECD15FF23980071F088 /* AsyncSupporter.m */ = {isa = PBXFileReference; fileEncoding = 4; lastKnownFileType = sourcecode.c.objc; path = AsyncSupporter.m; sourceTree = "<group>"; };
		B9B83ECE15FF23980071F088 /* BGAuthenticationManagerSpec.m */ = {isa = PBXFileReference; fileEncoding = 4; lastKnownFileType = sourcecode.c.objc; path = BGAuthenticationManagerSpec.m; sourceTree = "<group>"; };
		B9B83ECF15FF23980071F088 /* BGEventManagerSpec.m */ = {isa = PBXFileReference; fileEncoding = 4; lastKnownFileType = sourcecode.c.objc; path = BGEventManagerSpec.m; sourceTree = "<group>"; };
		B9B83ED015FF23980071F088 /* BGFeedEntryTypeSpec.m */ = {isa = PBXFileReference; fileEncoding = 4; lastKnownFileType = sourcecode.c.objc; path = BGFeedEntryTypeSpec.m; sourceTree = "<group>"; };
		B9B83ED115FF23980071F088 /* BGFeedParserSpec.m */ = {isa = PBXFileReference; fileEncoding = 4; lastKnownFileType = sourcecode.c.objc; path = BGFeedParserSpec.m; sourceTree = "<group>"; };
		B9B83ED215FF23980071F088 /* BGGithubFeedSpec.m */ = {isa = PBXFileReference; fileEncoding = 4; lastKnownFileType = sourcecode.c.objc; path = BGGithubFeedSpec.m; sourceTree = "<group>"; };
		B9B83ED315FF23980071F088 /* BGGithubResourceSpec.m */ = {isa = PBXFileReference; fileEncoding = 4; lastKnownFileType = sourcecode.c.objc; path = BGGithubResourceSpec.m; sourceTree = "<group>"; };
		B9B83ED415FF23980071F088 /* BGGlobalMenuContentsSpec.m */ = {isa = PBXFileReference; fileEncoding = 4; lastKnownFileType = sourcecode.c.objc; path = BGGlobalMenuContentsSpec.m; sourceTree = "<group>"; };
		B9B83ED515FF23980071F088 /* BGGlobalMenuControllerSpec.m */ = {isa = PBXFileReference; fileEncoding = 4; lastKnownFileType = sourcecode.c.objc; path = BGGlobalMenuControllerSpec.m; sourceTree = "<group>"; };
		B9B83ED615FF23980071F088 /* BGUserSpec.m */ = {isa = PBXFileReference; fileEncoding = 4; lastKnownFileType = sourcecode.c.objc; path = BGUserSpec.m; sourceTree = "<group>"; };
		B9B83ED715FF23980071F088 /* BrowseGithubSpecs-Info.plist */ = {isa = PBXFileReference; fileEncoding = 4; lastKnownFileType = text.plist.xml; path = "BrowseGithubSpecs-Info.plist"; sourceTree = "<group>"; };
		B9B83ED815FF23980071F088 /* BrowseGithubSpecs-Prefix.pch */ = {isa = PBXFileReference; fileEncoding = 4; lastKnownFileType = sourcecode.c.h; path = "BrowseGithubSpecs-Prefix.pch"; sourceTree = "<group>"; };
		B9B83EDB15FF23980071F088 /* FakeNotificationReceiver.h */ = {isa = PBXFileReference; fileEncoding = 4; lastKnownFileType = sourcecode.c.h; path = FakeNotificationReceiver.h; sourceTree = "<group>"; };
		B9B83EDC15FF23980071F088 /* FakeNotificationReceiver.m */ = {isa = PBXFileReference; fileEncoding = 4; lastKnownFileType = sourcecode.c.objc; path = FakeNotificationReceiver.m; sourceTree = "<group>"; };
		B9B83EDD15FF23980071F088 /* NLTHTTPStubServer+Specs.h */ = {isa = PBXFileReference; fileEncoding = 4; lastKnownFileType = sourcecode.c.h; path = "NLTHTTPStubServer+Specs.h"; sourceTree = "<group>"; };
		B9B83EDE15FF23980071F088 /* NLTHTTPStubServer+Specs.m */ = {isa = PBXFileReference; fileEncoding = 4; lastKnownFileType = sourcecode.c.objc; path = "NLTHTTPStubServer+Specs.m"; sourceTree = "<group>"; };
		B9B83EDF15FF23980071F088 /* NSBundle+Specs.h */ = {isa = PBXFileReference; fileEncoding = 4; lastKnownFileType = sourcecode.c.h; path = "NSBundle+Specs.h"; sourceTree = "<group>"; };
		B9B83EE015FF23980071F088 /* NSBundle+Specs.m */ = {isa = PBXFileReference; fileEncoding = 4; lastKnownFileType = sourcecode.c.objc; path = "NSBundle+Specs.m"; sourceTree = "<group>"; };
		B9B83EE315FF23980071F088 /* resource.json */ = {isa = PBXFileReference; fileEncoding = 4; lastKnownFileType = text.json; path = resource.json; sourceTree = "<group>"; };
		B9B83EE415FF23980071F088 /* user.json */ = {isa = PBXFileReference; fileEncoding = 4; lastKnownFileType = text.json; path = user.json; sourceTree = "<group>"; };
		B9B83EE515FF23980071F088 /* user.private.atom */ = {isa = PBXFileReference; fileEncoding = 4; lastKnownFileType = text.xml; path = user.private.atom; sourceTree = "<group>"; };
		B9B83EE615FF23980071F088 /* user.private.short.atom */ = {isa = PBXFileReference; fileEncoding = 4; lastKnownFileType = text.xml; path = user.private.short.atom; sourceTree = "<group>"; };
		B9B83EE715FF23980071F088 /* UIApplication+Spec.h */ = {isa = PBXFileReference; fileEncoding = 4; lastKnownFileType = sourcecode.c.h; path = "UIApplication+Spec.h"; sourceTree = "<group>"; };
		B9B83EE815FF23980071F088 /* UIApplication+Spec.m */ = {isa = PBXFileReference; fileEncoding = 4; lastKnownFileType = sourcecode.c.objc; path = "UIApplication+Spec.m"; sourceTree = "<group>"; };
		B9B83EFE15FF9CC70071F088 /* BGEvent.h */ = {isa = PBXFileReference; fileEncoding = 4; lastKnownFileType = sourcecode.c.h; path = BGEvent.h; sourceTree = "<group>"; };
		B9B83EFF15FF9CC70071F088 /* BGEvent.m */ = {isa = PBXFileReference; fileEncoding = 4; lastKnownFileType = sourcecode.c.objc; path = BGEvent.m; sourceTree = "<group>"; };
		B9B83F0915FF9DA40071F088 /* BGEventSpec.m */ = {isa = PBXFileReference; fileEncoding = 4; lastKnownFileType = sourcecode.c.objc; path = BGEventSpec.m; sourceTree = "<group>"; };
		B9B83F0B15FFA5AB0071F088 /* event.json */ = {isa = PBXFileReference; fileEncoding = 4; lastKnownFileType = text.json; path = event.json; sourceTree = "<group>"; };
		B9B83F0D15FFA92B0071F088 /* BGReceivedEvents.h */ = {isa = PBXFileReference; fileEncoding = 4; lastKnownFileType = sourcecode.c.h; path = BGReceivedEvents.h; sourceTree = "<group>"; };
		B9B83F0E15FFA92B0071F088 /* BGReceivedEvents.m */ = {isa = PBXFileReference; fileEncoding = 4; lastKnownFileType = sourcecode.c.objc; path = BGReceivedEvents.m; sourceTree = "<group>"; };
		B9B83F1115FFA95B0071F088 /* BGReceivedEventsSpec.m */ = {isa = PBXFileReference; fileEncoding = 4; lastKnownFileType = sourcecode.c.objc; path = BGReceivedEventsSpec.m; sourceTree = "<group>"; };
		B9B83F1315FFAC7E0071F088 /* received_events.json */ = {isa = PBXFileReference; fileEncoding = 4; lastKnownFileType = text.json; path = received_events.json; sourceTree = "<group>"; };
		B9B83F1915FFB5CC0071F088 /* BGTableView.h */ = {isa = PBXFileReference; fileEncoding = 4; lastKnownFileType = sourcecode.c.h; path = BGTableView.h; sourceTree = "<group>"; };
		B9B83F1A15FFB5CD0071F088 /* BGTableView.m */ = {isa = PBXFileReference; fileEncoding = 4; lastKnownFileType = sourcecode.c.objc; path = BGTableView.m; sourceTree = "<group>"; };
		B9B83F1D15FFB6A90071F088 /* BGListController.h */ = {isa = PBXFileReference; fileEncoding = 4; lastKnownFileType = sourcecode.c.h; path = BGListController.h; sourceTree = "<group>"; };
		B9B83F1E15FFB6AA0071F088 /* BGListController.m */ = {isa = PBXFileReference; fileEncoding = 4; lastKnownFileType = sourcecode.c.objc; path = BGListController.m; sourceTree = "<group>"; };
		B9B83F2C15FFBC090071F088 /* BGListControllerSpec.m */ = {isa = PBXFileReference; fileEncoding = 4; lastKnownFileType = sourcecode.c.objc; path = BGListControllerSpec.m; sourceTree = "<group>"; };
		B9B83F2F1600D97F0071F088 /* BGEventManager.h */ = {isa = PBXFileReference; fileEncoding = 4; lastKnownFileType = sourcecode.c.h; path = BGEventManager.h; sourceTree = "<group>"; };
		B9B83F301600D97F0071F088 /* BGEventManager.m */ = {isa = PBXFileReference; fileEncoding = 4; lastKnownFileType = sourcecode.c.objc; path = BGEventManager.m; sourceTree = "<group>"; };
		E5411D6CA0834872913C9F00 /* Pods.xcconfig */ = {isa = PBXFileReference; includeInIndex = 1; lastKnownFileType = text.xcconfig; name = Pods.xcconfig; path = Pods/Pods.xcconfig; sourceTree = SOURCE_ROOT; };
/* End PBXFileReference section */

/* Begin PBXFrameworksBuildPhase section */
		B9B83D6615FE7DB50071F088 /* Frameworks */ = {
			isa = PBXFrameworksBuildPhase;
			buildActionMask = 2147483647;
			files = (
				B9B83D6E15FE7DB50071F088 /* UIKit.framework in Frameworks */,
				B9B83D7015FE7DB50071F088 /* Foundation.framework in Frameworks */,
				B9B83D7215FE7DB50071F088 /* CoreGraphics.framework in Frameworks */,
				EF51ACE753A54CAD8A8CBA6A /* libPods.a in Frameworks */,
			);
			runOnlyForDeploymentPostprocessing = 0;
		};
		B9B83D8915FE7DB60071F088 /* Frameworks */ = {
			isa = PBXFrameworksBuildPhase;
			buildActionMask = 2147483647;
			files = (
				B9B83D8F15FE7DB60071F088 /* SenTestingKit.framework in Frameworks */,
				B9B83D9015FE7DB60071F088 /* UIKit.framework in Frameworks */,
				B9B83D9115FE7DB60071F088 /* Foundation.framework in Frameworks */,
				B9B83E9C15FE81E50071F088 /* CoreGraphics.framework in Frameworks */,
			);
			runOnlyForDeploymentPostprocessing = 0;
		};
/* End PBXFrameworksBuildPhase section */

/* Begin PBXGroup section */
		B9B83D5E15FE7DB50071F088 = {
			isa = PBXGroup;
			children = (
				B9B83D7315FE7DB50071F088 /* BrowseGithub */,
				B9B83D9415FE7DB60071F088 /* BrowseGithubSpecs */,
				B9B83D6C15FE7DB50071F088 /* Frameworks */,
				B9B83D6A15FE7DB50071F088 /* Products */,
				E5411D6CA0834872913C9F00 /* Pods.xcconfig */,
			);
			sourceTree = "<group>";
		};
		B9B83D6A15FE7DB50071F088 /* Products */ = {
			isa = PBXGroup;
			children = (
				B9B83D6915FE7DB50071F088 /* BrowseGithub.app */,
				B9B83D8D15FE7DB60071F088 /* BrowseGithubTests.octest */,
			);
			name = Products;
			sourceTree = "<group>";
		};
		B9B83D6C15FE7DB50071F088 /* Frameworks */ = {
			isa = PBXGroup;
			children = (
				B9B83D6D15FE7DB50071F088 /* UIKit.framework */,
				B9B83D6F15FE7DB50071F088 /* Foundation.framework */,
				B9B83D7115FE7DB50071F088 /* CoreGraphics.framework */,
				B9B83D8E15FE7DB60071F088 /* SenTestingKit.framework */,
				43F191D7FD334108B3601B03 /* libPods.a */,
			);
			name = Frameworks;
			sourceTree = "<group>";
		};
		B9B83D7315FE7DB50071F088 /* BrowseGithub */ = {
			isa = PBXGroup;
			children = (
				B9B83EAF15FE85B10071F088 /* Commons */,
				B9B83EB215FE85F50071F088 /* Models */,
				B9B83EB015FE85B80071F088 /* Views */,
				B9B83F2E15FFC2F10071F088 /* Cells */,
				B9B83EAE15FE859E0071F088 /* Controllers */,
				B9B83EB115FE85C60071F088 /* Managers */,
				B9B83DF615FE81290071F088 /* Resources */,
				B9B83D7415FE7DB50071F088 /* Supporting Files */,
			);
			path = BrowseGithub;
			sourceTree = "<group>";
		};
		B9B83D7415FE7DB50071F088 /* Supporting Files */ = {
			isa = PBXGroup;
			children = (
				B9B83D7515FE7DB50071F088 /* BrowseGithub-Info.plist */,
				B9B83D7615FE7DB50071F088 /* InfoPlist.strings */,
				B9B83D7915FE7DB50071F088 /* main.m */,
				B9B83D7B15FE7DB50071F088 /* BrowseGithub-Prefix.pch */,
			);
			name = "Supporting Files";
			sourceTree = "<group>";
		};
		B9B83D9415FE7DB60071F088 /* BrowseGithubSpecs */ = {
			isa = PBXGroup;
			children = (
				B9B83EB615FE86E60071F088 /* Models */,
				B9B83ECB15FF21420071F088 /* Views */,
				B9B83EB815FE870A0071F088 /* Managers */,
				B9B83EB915FE871C0071F088 /* Controllers */,
				B9B83EAD15FE85680071F088 /* Supports */,
				B9B83EE115FF23980071F088 /* Resouces */,
				B9B83D9515FE7DB60071F088 /* Supporting Files */,
			);
			name = BrowseGithubSpecs;
			path = BrowseGithubTests;
			sourceTree = "<group>";
		};
		B9B83D9515FE7DB60071F088 /* Supporting Files */ = {
			isa = PBXGroup;
			children = (
				B9B83ED715FF23980071F088 /* BrowseGithubSpecs-Info.plist */,
				B9B83ED815FF23980071F088 /* BrowseGithubSpecs-Prefix.pch */,
				B9B83D9615FE7DB60071F088 /* BrowseGithubTests-Info.plist */,
				B9B83D9715FE7DB60071F088 /* InfoPlist.strings */,
			);
			name = "Supporting Files";
			sourceTree = "<group>";
		};
		B9B83DF615FE81290071F088 /* Resources */ = {
			isa = PBXGroup;
			children = (
				B99BD9D21602679F000AD406 /* Default-568h@2x.png */,
				B9B83EBE15FF03F60071F088 /* iPhone.png */,
				B9B83EBF15FF03F60071F088 /* iPhone@2x.png */,
				B9B83EBA15FF03EB0071F088 /* Default.png */,
				B9B83EBB15FF03EB0071F088 /* Default@2x.png */,
				B9B83DF715FE81290071F088 /* AppStore.png */,
				B9B83DF815FE81290071F088 /* AppStore@2x.png */,
				B9B83DF915FE81290071F088 /* default-logo.png */,
				B9B83DFA15FE81290071F088 /* default-logo@2x.png */,
				B9B83DFB15FE81290071F088 /* menu-button-highlighted.png */,
				B9B83DFC15FE81290071F088 /* menu-button-highlighted@2x.png */,
				B9B83DFD15FE81290071F088 /* menu-button.png */,
				B9B83DFE15FE81290071F088 /* menu-button@2x.png */,
				B9B83DFF15FE81290071F088 /* navigation-background.png */,
				B9B83E0015FE81290071F088 /* navigation-background@2x.png */,
				B9B83E0115FE81290071F088 /* OpenSans-Bold.ttf */,
				B9B83E0215FE81290071F088 /* OpenSans-Regular.ttf */,
			);
			path = Resources;
			sourceTree = "<group>";
		};
		B9B83EAD15FE85680071F088 /* Supports */ = {
			isa = PBXGroup;
			children = (
				B9B83EFD15FF23C10071F088 /* Fakes, Stubs, Mocks */,
				B9B83ECC15FF23970071F088 /* AsyncSupporter.h */,
				B9B83ECD15FF23980071F088 /* AsyncSupporter.m */,
				B9B83EDD15FF23980071F088 /* NLTHTTPStubServer+Specs.h */,
				B9B83EDE15FF23980071F088 /* NLTHTTPStubServer+Specs.m */,
				B9B83EDF15FF23980071F088 /* NSBundle+Specs.h */,
				B9B83EE015FF23980071F088 /* NSBundle+Specs.m */,
				B9B83EE715FF23980071F088 /* UIApplication+Spec.h */,
				B9B83EE815FF23980071F088 /* UIApplication+Spec.m */,
			);
			name = Supports;
			sourceTree = "<group>";
		};
		B9B83EAE15FE859E0071F088 /* Controllers */ = {
			isa = PBXGroup;
			children = (
				B9B83DE915FE81290071F088 /* BGRootController.h */,
				B9B83DEA15FE81290071F088 /* BGRootController.m */,
				B9B83F1D15FFB6A90071F088 /* BGListController.h */,
				B9B83F1E15FFB6AA0071F088 /* BGListController.m */,
				B9B83DC215FE81290071F088 /* BGAuthenticationController.h */,
				B9B83DC315FE81290071F088 /* BGAuthenticationController.m */,
				B9B83DCA15FE81290071F088 /* BGEventsController.h */,
				B9B83DCB15FE81290071F088 /* BGEventsController.m */,
				B9B83DEC15FE81290071F088 /* BGStarsController.h */,
				B9B83DED15FE81290071F088 /* BGStarsController.m */,
				B9B83DDC15FE81290071F088 /* BGGlobalMenuControllerDelegate.h */,
				B9B83DDA15FE81290071F088 /* BGGlobalMenuController.h */,
				B9B83DDB15FE81290071F088 /* BGGlobalMenuController.m */,
				B9B83DE115FE81290071F088 /* BGIssuesController.h */,
				B9B83DE215FE81290071F088 /* BGIssuesController.m */,
				B9B83DE315FE81290071F088 /* BGNavigationController.h */,
				B9B83DE415FE81290071F088 /* BGNavigationController.m */,
				B9B83DE515FE81290071F088 /* BGPullRequestsController.h */,
				B9B83DE615FE81290071F088 /* BGPullRequestsController.m */,
				B9B83DE715FE81290071F088 /* BGRepositoriesController.h */,
				B9B83DE815FE81290071F088 /* BGRepositoriesController.m */,
			);
			name = Controllers;
			sourceTree = "<group>";
		};
		B9B83EAF15FE85B10071F088 /* Commons */ = {
			isa = PBXGroup;
			children = (
				B9B83EB515FE86C80071F088 /* Patches */,
				B9B83EB415FE86630071F088 /* Extensions */,
				B9B83DEB15FE81290071F088 /* BGSecretKeys.h */,
				B9B83D7C15FE7DB50071F088 /* BGAppDelegate.h */,
				B9B83D7D15FE7DB50071F088 /* BGAppDelegate.m */,
				B9B83DF015FE81290071F088 /* BrowseGithub.h */,
				B9B83DF115FE81290071F088 /* BrowseGithub.m */,
			);
			name = Commons;
			sourceTree = "<group>";
		};
		B9B83EB015FE85B80071F088 /* Views */ = {
			isa = PBXGroup;
			children = (
				B9B83F1915FFB5CC0071F088 /* BGTableView.h */,
				B9B83F1A15FFB5CD0071F088 /* BGTableView.m */,
				B9B83DC615FE81290071F088 /* BGAuthenticationView.h */,
				B9B83DC715FE81290071F088 /* BGAuthenticationView.m */,
				B9B83DDF15FE81290071F088 /* BGGravatarImageView.h */,
				B9B83DE015FE81290071F088 /* BGGravatarImageView.m */,
				B9B83DDD15FE81290071F088 /* BGGlobalMenuUserView.h */,
				B9B83DDE15FE81290071F088 /* BGGlobalMenuUserView.m */,
			);
			name = Views;
			sourceTree = "<group>";
		};
		B9B83EB115FE85C60071F088 /* Managers */ = {
			isa = PBXGroup;
			children = (
				B9B83DC415FE81290071F088 /* BGAuthenticationManager.h */,
				B9B83DC515FE81290071F088 /* BGAuthenticationManager.m */,
				B9B83F2F1600D97F0071F088 /* BGEventManager.h */,
				B9B83F301600D97F0071F088 /* BGEventManager.m */,
			);
			name = Managers;
			sourceTree = "<group>";
		};
		B9B83EB215FE85F50071F088 /* Models */ = {
			isa = PBXGroup;
			children = (
				B9B83EB315FE85FD0071F088 /* Github */,
				B9B83DD415FE81290071F088 /* BGGithubResource.h */,
				B9B83DD515FE81290071F088 /* BGGithubResource.m */,
				B9B83DD815FE81290071F088 /* BGGlobalMenuContents.h */,
				B9B83DD915FE81290071F088 /* BGGlobalMenuContents.m */,
			);
			name = Models;
			sourceTree = "<group>";
		};
		B9B83EB315FE85FD0071F088 /* Github */ = {
			isa = PBXGroup;
			children = (
				B9B83F0615FF9D700071F088 /* Data */,
				B9B83F0315FF9CE00071F088 /* Resource */,
			);
			name = Github;
			sourceTree = "<group>";
		};
		B9B83EB415FE86630071F088 /* Extensions */ = {
			isa = PBXGroup;
			children = (
				B9B83E0315FE81290071F088 /* UIColor+BrowseGithub.h */,
				B9B83E0415FE81290071F088 /* UIColor+BrowseGithub.m */,
				B9B83E0515FE81290071F088 /* UIFont+BrowseGithub.h */,
				B9B83E0615FE81290071F088 /* UIFont+BrowseGithub.m */,
				B9B83E0715FE81290071F088 /* UIGlossyButton+BrowseGithub.h */,
				B9B83E0815FE81290071F088 /* UIGlossyButton+BrowseGithub.m */,
				B9B83DF215FE81290071F088 /* NSURL+GithubResource.h */,
				B9B83DF315FE81290071F088 /* NSURL+GithubResource.m */,
			);
			name = Extensions;
			sourceTree = "<group>";
		};
		B9B83EB515FE86C80071F088 /* Patches */ = {
			isa = PBXGroup;
			children = (
				B9B83DF415FE81290071F088 /* PatchedJASidePanelController.h */,
				B9B83DF515FE81290071F088 /* PatchedJASidePanelController.m */,
			);
			name = Patches;
			sourceTree = "<group>";
		};
		B9B83EB615FE86E60071F088 /* Models */ = {
			isa = PBXGroup;
			children = (
				B9B83EB715FE86ED0071F088 /* Github */,
				B9B83ED415FF23980071F088 /* BGGlobalMenuContentsSpec.m */,
				B9B83ED315FF23980071F088 /* BGGithubResourceSpec.m */,
			);
			name = Models;
			sourceTree = "<group>";
		};
		B9B83EB715FE86ED0071F088 /* Github */ = {
			isa = PBXGroup;
			children = (
				B9B83F0515FF9D640071F088 /* Data */,
				B9B83F0415FF9CF50071F088 /* Resrouce */,
				B9B83ED015FF23980071F088 /* BGFeedEntryTypeSpec.m */,
				B9B83ED115FF23980071F088 /* BGFeedParserSpec.m */,
				B9B83ED215FF23980071F088 /* BGGithubFeedSpec.m */,
			);
			name = Github;
			sourceTree = "<group>";
		};
		B9B83EB815FE870A0071F088 /* Managers */ = {
			isa = PBXGroup;
			children = (
				B9B83ECE15FF23980071F088 /* BGAuthenticationManagerSpec.m */,
				B9B83ECF15FF23980071F088 /* BGEventManagerSpec.m */,
			);
			name = Managers;
			sourceTree = "<group>";
		};
		B9B83EB915FE871C0071F088 /* Controllers */ = {
			isa = PBXGroup;
			children = (
				B99BD9E116042CDA000AD406 /* BGRootControllerSpec.m */,
				B9B83ED515FF23980071F088 /* BGGlobalMenuControllerSpec.m */,
				B9B83F2C15FFBC090071F088 /* BGListControllerSpec.m */,
				B99BD9DF16042CB9000AD406 /* BGEventsControllerSpec.m */,
			);
			name = Controllers;
			sourceTree = "<group>";
		};
		B9B83ECB15FF21420071F088 /* Views */ = {
			isa = PBXGroup;
			children = (
				B9B83EC815FF21140071F088 /* BGGlobalMenuUserViewSpec.m */,
			);
			name = Views;
			sourceTree = "<group>";
		};
		B9B83EE115FF23980071F088 /* Resouces */ = {
			isa = PBXGroup;
			children = (
				B9B83EE215FF23980071F088 /* Mocks */,
			);
			path = Resouces;
			sourceTree = "<group>";
		};
		B9B83EE215FF23980071F088 /* Mocks */ = {
			isa = PBXGroup;
			children = (
				B9A21E3216098C41006167BE /* user.repos.json */,
				B9A21E2F160980BC006167BE /* repo.alertninja.json */,
				B9B83F1315FFAC7E0071F088 /* received_events.json */,
				B9B83F0B15FFA5AB0071F088 /* event.json */,
				B9B83EE315FF23980071F088 /* resource.json */,
				B9B83EE415FF23980071F088 /* user.json */,
				B9B83EE515FF23980071F088 /* user.private.atom */,
				B9B83EE615FF23980071F088 /* user.private.short.atom */,
			);
			path = Mocks;
			sourceTree = "<group>";
		};
		B9B83EFD15FF23C10071F088 /* Fakes, Stubs, Mocks */ = {
			isa = PBXGroup;
			children = (
				B9B83EDB15FF23980071F088 /* FakeNotificationReceiver.h */,
				B9B83EDC15FF23980071F088 /* FakeNotificationReceiver.m */,
				B99BD9D81602FB6A000AD406 /* MockReceivedEvents.h */,
				B99BD9D91602FB6A000AD406 /* MockReceivedEvents.m */,
			);
			name = "Fakes, Stubs, Mocks";
			sourceTree = "<group>";
		};
		B9B83F0315FF9CE00071F088 /* Resource */ = {
			isa = PBXGroup;
			children = (
				B9B83DEE15FE81290071F088 /* BGUser.h */,
				B9B83DEF15FE81290071F088 /* BGUser.m */,
				B9B83F0D15FFA92B0071F088 /* BGReceivedEvents.h */,
				B9B83F0E15FFA92B0071F088 /* BGReceivedEvents.m */,
				B99BD9E31604FC7E000AD406 /* BGRepository.h */,
				B99BD9E41604FC7F000AD406 /* BGRepository.m */,
				B99BD9E71604FC9C000AD406 /* BGRepositories.h */,
				B99BD9E81604FC9D000AD406 /* BGRepositories.m */,
			);
			name = Resource;
			sourceTree = "<group>";
		};
		B9B83F0415FF9CF50071F088 /* Resrouce */ = {
			isa = PBXGroup;
			children = (
				B9B83ED615FF23980071F088 /* BGUserSpec.m */,
				B9B83F1115FFA95B0071F088 /* BGReceivedEventsSpec.m */,
				B99BD9EB1604FDA2000AD406 /* BGRepositorySpec.m */,
				B99BD9ED1604FDC8000AD406 /* BGRepositoriesSpec.m */,
			);
			name = Resrouce;
			sourceTree = "<group>";
		};
		B9B83F0515FF9D640071F088 /* Data */ = {
			isa = PBXGroup;
			children = (
				B9B83F0915FF9DA40071F088 /* BGEventSpec.m */,
			);
			name = Data;
			sourceTree = "<group>";
		};
		B9B83F0615FF9D700071F088 /* Data */ = {
			isa = PBXGroup;
			children = (
				B9B83EFE15FF9CC70071F088 /* BGEvent.h */,
				B9B83EFF15FF9CC70071F088 /* BGEvent.m */,
			);
			name = Data;
			sourceTree = "<group>";
		};
		B9B83F2E15FFC2F10071F088 /* Cells */ = {
			isa = PBXGroup;
			children = (
				B9B83DC815FE81290071F088 /* BGBaseCell.h */,
				B9B83DC915FE81290071F088 /* BGBaseCell.m */,
				B9B83DD615FE81290071F088 /* BGGlobalMenuContentCell.h */,
				B9B83DD715FE81290071F088 /* BGGlobalMenuContentCell.m */,
				B9B83DCE15FE81290071F088 /* BGFeedEntryCell.h */,
				B9B83DCF15FE81290071F088 /* BGFeedEntryCell.m */,
			);
			name = Cells;
			sourceTree = "<group>";
		};
/* End PBXGroup section */

/* Begin PBXNativeTarget section */
		B9B83D6815FE7DB50071F088 /* BrowseGithub */ = {
			isa = PBXNativeTarget;
			buildConfigurationList = B9B83D9F15FE7DB60071F088 /* Build configuration list for PBXNativeTarget "BrowseGithub" */;
			buildPhases = (
				B9B83D6515FE7DB50071F088 /* Sources */,
				B9B83D6615FE7DB50071F088 /* Frameworks */,
				B9B83D6715FE7DB50071F088 /* Resources */,
				57532FE2AE9B4FC4B1286178 /* Copy Pods Resources */,
			);
			buildRules = (
			);
			dependencies = (
			);
			name = BrowseGithub;
			productName = BrowseGithub;
			productReference = B9B83D6915FE7DB50071F088 /* BrowseGithub.app */;
			productType = "com.apple.product-type.application";
		};
		B9B83D8C15FE7DB60071F088 /* BrowseGithubTests */ = {
			isa = PBXNativeTarget;
			buildConfigurationList = B9B83DA215FE7DB60071F088 /* Build configuration list for PBXNativeTarget "BrowseGithubTests" */;
			buildPhases = (
				B9B83D8815FE7DB60071F088 /* Sources */,
				B9B83D8915FE7DB60071F088 /* Frameworks */,
				B9B83D8A15FE7DB60071F088 /* Resources */,
				B9B83D8B15FE7DB60071F088 /* ShellScript */,
			);
			buildRules = (
			);
			dependencies = (
				B9B83D9315FE7DB60071F088 /* PBXTargetDependency */,
			);
			name = BrowseGithubTests;
			productName = BrowseGithubTests;
			productReference = B9B83D8D15FE7DB60071F088 /* BrowseGithubTests.octest */;
			productType = "com.apple.product-type.bundle";
		};
/* End PBXNativeTarget section */

/* Begin PBXProject section */
		B9B83D6015FE7DB50071F088 /* Project object */ = {
			isa = PBXProject;
			attributes = {
				CLASSPREFIX = BG;
				LastUpgradeCheck = 0440;
				ORGANIZATIONNAME = yaakaito;
			};
			buildConfigurationList = B9B83D6315FE7DB50071F088 /* Build configuration list for PBXProject "BrowseGithub" */;
			compatibilityVersion = "Xcode 3.2";
			developmentRegion = English;
			hasScannedForEncodings = 0;
			knownRegions = (
				en,
			);
			mainGroup = B9B83D5E15FE7DB50071F088;
			productRefGroup = B9B83D6A15FE7DB50071F088 /* Products */;
			projectDirPath = "";
			projectRoot = "";
			targets = (
				B9B83D6815FE7DB50071F088 /* BrowseGithub */,
				B9B83D8C15FE7DB60071F088 /* BrowseGithubTests */,
			);
		};
/* End PBXProject section */

/* Begin PBXResourcesBuildPhase section */
		B9B83D6715FE7DB50071F088 /* Resources */ = {
			isa = PBXResourcesBuildPhase;
			buildActionMask = 2147483647;
			files = (
				B9B83D7815FE7DB50071F088 /* InfoPlist.strings in Resources */,
				B9B83E3B15FE81290071F088 /* AppStore.png in Resources */,
				B9B83E3D15FE81290071F088 /* AppStore@2x.png in Resources */,
				B9B83E3F15FE81290071F088 /* default-logo.png in Resources */,
				B9B83E4115FE81290071F088 /* default-logo@2x.png in Resources */,
				B9B83E4315FE81290071F088 /* menu-button-highlighted.png in Resources */,
				B9B83E4515FE81290071F088 /* menu-button-highlighted@2x.png in Resources */,
				B9B83E4715FE81290071F088 /* menu-button.png in Resources */,
				B9B83E4915FE81290071F088 /* menu-button@2x.png in Resources */,
				B9B83E4B15FE81290071F088 /* navigation-background.png in Resources */,
				B9B83E4D15FE81290071F088 /* navigation-background@2x.png in Resources */,
				B9B83E4F15FE81290071F088 /* OpenSans-Bold.ttf in Resources */,
				B9B83E5115FE81290071F088 /* OpenSans-Regular.ttf in Resources */,
				B9B83EBC15FF03EB0071F088 /* Default.png in Resources */,
				B9B83EBD15FF03EB0071F088 /* Default@2x.png in Resources */,
				B9B83EC015FF03F60071F088 /* iPhone.png in Resources */,
				B9B83EC115FF03F60071F088 /* iPhone@2x.png in Resources */,
				B99BD9D31602679F000AD406 /* Default-568h@2x.png in Resources */,
			);
			runOnlyForDeploymentPostprocessing = 0;
		};
		B9B83D8A15FE7DB60071F088 /* Resources */ = {
			isa = PBXResourcesBuildPhase;
			buildActionMask = 2147483647;
			files = (
				B9B83D9915FE7DB60071F088 /* InfoPlist.strings in Resources */,
				B9B83E3C15FE81290071F088 /* AppStore.png in Resources */,
				B9B83E3E15FE81290071F088 /* AppStore@2x.png in Resources */,
				B9B83E4015FE81290071F088 /* default-logo.png in Resources */,
				B9B83E4215FE81290071F088 /* default-logo@2x.png in Resources */,
				B9B83E4415FE81290071F088 /* menu-button-highlighted.png in Resources */,
				B9B83E4615FE81290071F088 /* menu-button-highlighted@2x.png in Resources */,
				B9B83E4815FE81290071F088 /* menu-button.png in Resources */,
				B9B83E4A15FE81290071F088 /* menu-button@2x.png in Resources */,
				B9B83E4C15FE81290071F088 /* navigation-background.png in Resources */,
				B9B83E4E15FE81290071F088 /* navigation-background@2x.png in Resources */,
				B9B83E5015FE81290071F088 /* OpenSans-Bold.ttf in Resources */,
				B9B83E5215FE81290071F088 /* OpenSans-Regular.ttf in Resources */,
				B9B83EF315FF23980071F088 /* BrowseGithubSpecs-Info.plist in Resources */,
				B9B83EF815FF23980071F088 /* resource.json in Resources */,
				B9B83EF915FF23980071F088 /* user.json in Resources */,
				B9B83EFA15FF23980071F088 /* user.private.atom in Resources */,
				B9B83EFB15FF23980071F088 /* user.private.short.atom in Resources */,
				B9B83F0C15FFA5AB0071F088 /* event.json in Resources */,
				B9B83F1415FFAC7E0071F088 /* received_events.json in Resources */,
				B9A21E30160980BC006167BE /* repo.alertninja.json in Resources */,
				B9A21E3316098C41006167BE /* user.repos.json in Resources */,
			);
			runOnlyForDeploymentPostprocessing = 0;
		};
/* End PBXResourcesBuildPhase section */

/* Begin PBXShellScriptBuildPhase section */
		57532FE2AE9B4FC4B1286178 /* Copy Pods Resources */ = {
			isa = PBXShellScriptBuildPhase;
			buildActionMask = 2147483647;
			files = (
			);
			inputPaths = (
			);
			name = "Copy Pods Resources";
			outputPaths = (
			);
			runOnlyForDeploymentPostprocessing = 0;
			shellPath = /bin/sh;
			shellScript = "\"${SRCROOT}/Pods/Pods-resources.sh\"\n";
		};
		B9B83D8B15FE7DB60071F088 /* ShellScript */ = {
			isa = PBXShellScriptBuildPhase;
			buildActionMask = 2147483647;
			files = (
			);
			inputPaths = (
			);
			outputPaths = (
			);
			runOnlyForDeploymentPostprocessing = 0;
			shellPath = /bin/sh;
			shellScript = "# Run the unit tests in this test bundle.\n\"${SYSTEM_DEVELOPER_DIR}/Tools/RunUnitTests\"\n";
		};
/* End PBXShellScriptBuildPhase section */

/* Begin PBXSourcesBuildPhase section */
		B9B83D6515FE7DB50071F088 /* Sources */ = {
			isa = PBXSourcesBuildPhase;
			buildActionMask = 2147483647;
			files = (
				B9B83D7A15FE7DB50071F088 /* main.m in Sources */,
				B9B83D7E15FE7DB50071F088 /* BGAppDelegate.m in Sources */,
				B9B83E0915FE81290071F088 /* BGAuthenticationController.m in Sources */,
				B9B83E0B15FE81290071F088 /* BGAuthenticationManager.m in Sources */,
				B9B83E0D15FE81290071F088 /* BGAuthenticationView.m in Sources */,
				B9B83E0F15FE81290071F088 /* BGBaseCell.m in Sources */,
				B9B83E1115FE81290071F088 /* BGEventsController.m in Sources */,
				B9B83E1515FE81290071F088 /* BGFeedEntryCell.m in Sources */,
				B9B83E1B15FE81290071F088 /* BGGithubResource.m in Sources */,
				B9B83E1D15FE81290071F088 /* BGGlobalMenuContentCell.m in Sources */,
				B9B83E1F15FE81290071F088 /* BGGlobalMenuContents.m in Sources */,
				B9B83E2115FE81290071F088 /* BGGlobalMenuController.m in Sources */,
				B9B83E2315FE81290071F088 /* BGGlobalMenuUserView.m in Sources */,
				B9B83E2515FE81290071F088 /* BGGravatarImageView.m in Sources */,
				B9B83E2715FE81290071F088 /* BGIssuesController.m in Sources */,
				B9B83E2915FE81290071F088 /* BGNavigationController.m in Sources */,
				B9B83E2B15FE81290071F088 /* BGPullRequestsController.m in Sources */,
				B9B83E2D15FE81290071F088 /* BGRepositoriesController.m in Sources */,
				B9B83E2F15FE81290071F088 /* BGRootController.m in Sources */,
				B9B83E3115FE81290071F088 /* BGStarsController.m in Sources */,
				B9B83E3315FE81290071F088 /* BGUser.m in Sources */,
				B9B83E3515FE81290071F088 /* BrowseGithub.m in Sources */,
				B9B83E3715FE81290071F088 /* NSURL+GithubResource.m in Sources */,
				B9B83E3915FE81290071F088 /* PatchedJASidePanelController.m in Sources */,
				B9B83E5315FE81290071F088 /* UIColor+BrowseGithub.m in Sources */,
				B9B83E5515FE81290071F088 /* UIFont+BrowseGithub.m in Sources */,
				B9B83E5715FE81290071F088 /* UIGlossyButton+BrowseGithub.m in Sources */,
				B9B83F0015FF9CC70071F088 /* BGEvent.m in Sources */,
				B9B83F0F15FFA92B0071F088 /* BGReceivedEvents.m in Sources */,
				B9B83F1B15FFB5CE0071F088 /* BGTableView.m in Sources */,
				B9B83F1F15FFB6AB0071F088 /* BGListController.m in Sources */,
				B9B83F311600D97F0071F088 /* BGEventManager.m in Sources */,
				B99BD9E51604FC80000AD406 /* BGRepository.m in Sources */,
				B99BD9E91604FC9D000AD406 /* BGRepositories.m in Sources */,
			);
			runOnlyForDeploymentPostprocessing = 0;
		};
		B9B83D8815FE7DB60071F088 /* Sources */ = {
			isa = PBXSourcesBuildPhase;
			buildActionMask = 2147483647;
			files = (
				B9B83E0A15FE81290071F088 /* BGAuthenticationController.m in Sources */,
				B9B83E0C15FE81290071F088 /* BGAuthenticationManager.m in Sources */,
				B9B83E0E15FE81290071F088 /* BGAuthenticationView.m in Sources */,
				B9B83E1015FE81290071F088 /* BGBaseCell.m in Sources */,
				B9B83E1215FE81290071F088 /* BGEventsController.m in Sources */,
				B9B83E1615FE81290071F088 /* BGFeedEntryCell.m in Sources */,
				B9B83E1C15FE81290071F088 /* BGGithubResource.m in Sources */,
				B9B83E1E15FE81290071F088 /* BGGlobalMenuContentCell.m in Sources */,
				B9B83E2015FE81290071F088 /* BGGlobalMenuContents.m in Sources */,
				B9B83E2215FE81290071F088 /* BGGlobalMenuController.m in Sources */,
				B9B83E2415FE81290071F088 /* BGGlobalMenuUserView.m in Sources */,
				B9B83E2615FE81290071F088 /* BGGravatarImageView.m in Sources */,
				B9B83E2815FE81290071F088 /* BGIssuesController.m in Sources */,
				B9B83E2A15FE81290071F088 /* BGNavigationController.m in Sources */,
				B9B83E2C15FE81290071F088 /* BGPullRequestsController.m in Sources */,
				B9B83E2E15FE81290071F088 /* BGRepositoriesController.m in Sources */,
				B9B83E3015FE81290071F088 /* BGRootController.m in Sources */,
				B9B83E3215FE81290071F088 /* BGStarsController.m in Sources */,
				B9B83E3415FE81290071F088 /* BGUser.m in Sources */,
				B9B83E3615FE81290071F088 /* BrowseGithub.m in Sources */,
				B9B83E3815FE81290071F088 /* NSURL+GithubResource.m in Sources */,
				B9B83E3A15FE81290071F088 /* PatchedJASidePanelController.m in Sources */,
				B9B83E5415FE81290071F088 /* UIColor+BrowseGithub.m in Sources */,
				B9B83E5615FE81290071F088 /* UIFont+BrowseGithub.m in Sources */,
				B9B83E5815FE81290071F088 /* UIGlossyButton+BrowseGithub.m in Sources */,
				B9B83EC915FF21140071F088 /* BGGlobalMenuUserViewSpec.m in Sources */,
				B9B83EE915FF23980071F088 /* AsyncSupporter.m in Sources */,
				B9B83EEA15FF23980071F088 /* BGAuthenticationManagerSpec.m in Sources */,
				B9B83EEF15FF23980071F088 /* BGGithubResourceSpec.m in Sources */,
				B9B83EF015FF23980071F088 /* BGGlobalMenuContentsSpec.m in Sources */,
				B9B83EF115FF23980071F088 /* BGGlobalMenuControllerSpec.m in Sources */,
				B9B83EF215FF23980071F088 /* BGUserSpec.m in Sources */,
				B9B83EF515FF23980071F088 /* FakeNotificationReceiver.m in Sources */,
				B9B83EF615FF23980071F088 /* NLTHTTPStubServer+Specs.m in Sources */,
				B9B83EF715FF23980071F088 /* NSBundle+Specs.m in Sources */,
				B9B83EFC15FF23980071F088 /* UIApplication+Spec.m in Sources */,
				B9B83F0115FF9CC70071F088 /* BGEvent.m in Sources */,
				B9B83F0A15FF9DA40071F088 /* BGEventSpec.m in Sources */,
				B9B83F1015FFA92B0071F088 /* BGReceivedEvents.m in Sources */,
				B9B83F1215FFA95B0071F088 /* BGReceivedEventsSpec.m in Sources */,
				B9B83F1C15FFB5CE0071F088 /* BGTableView.m in Sources */,
				B9B83F2015FFB6AB0071F088 /* BGListController.m in Sources */,
				B9B83F2D15FFBC090071F088 /* BGListControllerSpec.m in Sources */,
				B9B83F321600D97F0071F088 /* BGEventManager.m in Sources */,
				B99BD9D71602FA98000AD406 /* BGEventManagerSpec.m in Sources */,
				B99BD9DA1602FB6A000AD406 /* MockReceivedEvents.m in Sources */,
				B99BD9E016042CB9000AD406 /* BGEventsControllerSpec.m in Sources */,
				B99BD9E216042CDA000AD406 /* BGRootControllerSpec.m in Sources */,
				B99BD9E61604FC80000AD406 /* BGRepository.m in Sources */,
				B99BD9EA1604FC9D000AD406 /* BGRepositories.m in Sources */,
				B99BD9EC1604FDA2000AD406 /* BGRepositorySpec.m in Sources */,
				B98506E716097B8D00CA2F8D /* BGRepositoriesSpec.m in Sources */,
			);
			runOnlyForDeploymentPostprocessing = 0;
		};
/* End PBXSourcesBuildPhase section */

/* Begin PBXTargetDependency section */
		B9B83D9315FE7DB60071F088 /* PBXTargetDependency */ = {
			isa = PBXTargetDependency;
			target = B9B83D6815FE7DB50071F088 /* BrowseGithub */;
			targetProxy = B9B83D9215FE7DB60071F088 /* PBXContainerItemProxy */;
		};
/* End PBXTargetDependency section */

/* Begin PBXVariantGroup section */
		B9B83D7615FE7DB50071F088 /* InfoPlist.strings */ = {
			isa = PBXVariantGroup;
			children = (
				B9B83D7715FE7DB50071F088 /* en */,
			);
			name = InfoPlist.strings;
			sourceTree = "<group>";
		};
		B9B83D9715FE7DB60071F088 /* InfoPlist.strings */ = {
			isa = PBXVariantGroup;
			children = (
				B9B83D9815FE7DB60071F088 /* en */,
			);
			name = InfoPlist.strings;
			sourceTree = "<group>";
		};
/* End PBXVariantGroup section */

/* Begin XCBuildConfiguration section */
		B9B83D9D15FE7DB60071F088 /* Debug */ = {
			isa = XCBuildConfiguration;
			buildSettings = {
				ALWAYS_SEARCH_USER_PATHS = NO;
				ARCHS = "$(ARCHS_STANDARD_32_BIT)";
				CLANG_CXX_LANGUAGE_STANDARD = "gnu++0x";
				CLANG_ENABLE_OBJC_ARC = YES;
				CLANG_WARN__DUPLICATE_METHOD_MATCH = YES;
				"CODE_SIGN_IDENTITY[sdk=iphoneos*]" = "iPhone Developer";
				COPY_PHASE_STRIP = NO;
				GCC_C_LANGUAGE_STANDARD = gnu99;
				GCC_DYNAMIC_NO_PIC = NO;
				GCC_OPTIMIZATION_LEVEL = 0;
				GCC_PREPROCESSOR_DEFINITIONS = (
					"DEBUG=1",
					"$(inherited)",
				);
				GCC_SYMBOLS_PRIVATE_EXTERN = NO;
				GCC_VERSION = com.apple.compilers.llvm.clang.1_0;
				GCC_WARN_ABOUT_RETURN_TYPE = YES;
				GCC_WARN_UNINITIALIZED_AUTOS = YES;
				GCC_WARN_UNUSED_VARIABLE = YES;
				IPHONEOS_DEPLOYMENT_TARGET = 6.0;
				SDKROOT = iphoneos;
				TARGETED_DEVICE_FAMILY = "1,2";
			};
			name = Debug;
		};
		B9B83D9E15FE7DB60071F088 /* Release */ = {
			isa = XCBuildConfiguration;
			buildSettings = {
				ALWAYS_SEARCH_USER_PATHS = NO;
				ARCHS = "$(ARCHS_STANDARD_32_BIT)";
				CLANG_CXX_LANGUAGE_STANDARD = "gnu++0x";
				CLANG_ENABLE_OBJC_ARC = YES;
				CLANG_WARN__DUPLICATE_METHOD_MATCH = YES;
				"CODE_SIGN_IDENTITY[sdk=iphoneos*]" = "iPhone Developer";
				COPY_PHASE_STRIP = YES;
				GCC_C_LANGUAGE_STANDARD = gnu99;
				GCC_VERSION = com.apple.compilers.llvm.clang.1_0;
				GCC_WARN_ABOUT_RETURN_TYPE = YES;
				GCC_WARN_UNINITIALIZED_AUTOS = YES;
				GCC_WARN_UNUSED_VARIABLE = YES;
				IPHONEOS_DEPLOYMENT_TARGET = 6.0;
				OTHER_CFLAGS = "-DNS_BLOCK_ASSERTIONS=1";
				SDKROOT = iphoneos;
				TARGETED_DEVICE_FAMILY = "1,2";
				VALIDATE_PRODUCT = YES;
			};
			name = Release;
		};
		B9B83DA015FE7DB60071F088 /* Debug */ = {
			isa = XCBuildConfiguration;
			baseConfigurationReference = E5411D6CA0834872913C9F00 /* Pods.xcconfig */;
			buildSettings = {
				GCC_PRECOMPILE_PREFIX_HEADER = YES;
				GCC_PREFIX_HEADER = "BrowseGithub/BrowseGithub-Prefix.pch";
				INFOPLIST_FILE = "BrowseGithub/BrowseGithub-Info.plist";
				IPHONEOS_DEPLOYMENT_TARGET = 6.0;
				PRODUCT_NAME = "$(TARGET_NAME)";
				TARGETED_DEVICE_FAMILY = 1;
				WRAPPER_EXTENSION = app;
			};
			name = Debug;
		};
		B9B83DA115FE7DB60071F088 /* Release */ = {
			isa = XCBuildConfiguration;
			baseConfigurationReference = E5411D6CA0834872913C9F00 /* Pods.xcconfig */;
			buildSettings = {
				GCC_PRECOMPILE_PREFIX_HEADER = YES;
				GCC_PREFIX_HEADER = "BrowseGithub/BrowseGithub-Prefix.pch";
				INFOPLIST_FILE = "BrowseGithub/BrowseGithub-Info.plist";
				IPHONEOS_DEPLOYMENT_TARGET = 6.0;
				PRODUCT_NAME = "$(TARGET_NAME)";
				TARGETED_DEVICE_FAMILY = 1;
				WRAPPER_EXTENSION = app;
			};
			name = Release;
		};
		B9B83DA315FE7DB60071F088 /* Debug */ = {
			isa = XCBuildConfiguration;
			buildSettings = {
				BUNDLE_LOADER = "$(BUILT_PRODUCTS_DIR)/BrowseGithub.app/BrowseGithub";
				FRAMEWORK_SEARCH_PATHS = (
					"\"$(SDKROOT)/Developer/Library/Frameworks\"",
					"\"$(DEVELOPER_LIBRARY_DIR)/Frameworks\"",
				);
				GCC_PRECOMPILE_PREFIX_HEADER = YES;
				GCC_PREFIX_HEADER = "BrowseGithub/BrowseGithub-Prefix.pch";
				HEADER_SEARCH_PATHS = (
					"$(SDKROOT)/usr/include/libxml2",
					"$(SDKROOT)/usr/include/libxml2",
					"${PODS_HEADERS_SEARCH_PATHS}",
				);
				INFOPLIST_FILE = "BrowseGithubTests/BrowseGithubTests-Info.plist";
				OTHER_LDFLAGS = (
					"-ObjC",
					"-lxml2",
					"-framework",
					CFNetwork,
					"-framework",
					CoreData,
					"-framework",
					CoreText,
					"-framework",
					QuartzCore,
					"-framework",
					Security,
					"-framework",
					SenTestingKit,
					"-framework",
					SystemConfiguration,
					"-framework",
					UIKit,
				);
				PODS_HEADERS_SEARCH_PATHS = "${PODS_PUBLIC_HEADERS_SEARCH_PATHS}";
				PODS_PUBLIC_HEADERS_SEARCH_PATHS = "\"${PODS_ROOT}/Headers\" \"${PODS_ROOT}/Headers/AFNetworking\" \"${PODS_ROOT}/Headers/CocoaAsyncSocket\" \"${PODS_ROOT}/Headers/CocoaHTTPServer\" \"${PODS_ROOT}/Headers/CocoaLumberjack\" \"${PODS_ROOT}/Headers/EEHUDView\" \"${PODS_ROOT}/Headers/JASidePanels\" \"${PODS_ROOT}/Headers/KissXML\" \"${PODS_ROOT}/Headers/Kiwi\" \"${PODS_ROOT}/Headers/MagicalRecord\" \"${PODS_ROOT}/Headers/NLTHTTPStubServer\" \"${PODS_ROOT}/Headers/TTTAttributedLabel\" \"${PODS_ROOT}/Headers/UIGlossyButton\"";
				PODS_ROOT = "${SRCROOT}/Pods";
				PRODUCT_NAME = "$(TARGET_NAME)";
				TEST_HOST = "$(BUNDLE_LOADER)";
				WRAPPER_EXTENSION = octest;
			};
			name = Debug;
		};
		B9B83DA415FE7DB60071F088 /* Release */ = {
			isa = XCBuildConfiguration;
			buildSettings = {
				BUNDLE_LOADER = "$(BUILT_PRODUCTS_DIR)/BrowseGithub.app/BrowseGithub";
				FRAMEWORK_SEARCH_PATHS = (
					"\"$(SDKROOT)/Developer/Library/Frameworks\"",
					"\"$(DEVELOPER_LIBRARY_DIR)/Frameworks\"",
				);
				GCC_PRECOMPILE_PREFIX_HEADER = YES;
				GCC_PREFIX_HEADER = "BrowseGithub/BrowseGithub-Prefix.pch";
				HEADER_SEARCH_PATHS = (
					"$(SDKROOT)/usr/include/libxml2",
					"$(SDKROOT)/usr/include/libxml2",
					"${PODS_HEADERS_SEARCH_PATHS}",
				);
				INFOPLIST_FILE = "BrowseGithubTests/BrowseGithubTests-Info.plist";
				OTHER_LDFLAGS = (
					"-ObjC",
					"-lxml2",
					"-framework",
					CFNetwork,
					"-framework",
					CoreData,
					"-framework",
					CoreText,
					"-framework",
					QuartzCore,
					"-framework",
					Security,
					"-framework",
					SenTestingKit,
					"-framework",
					SystemConfiguration,
					"-framework",
					UIKit,
				);
				PODS_HEADERS_SEARCH_PATHS = "${PODS_PUBLIC_HEADERS_SEARCH_PATHS}";
				PODS_PUBLIC_HEADERS_SEARCH_PATHS = "\"${PODS_ROOT}/Headers\" \"${PODS_ROOT}/Headers/AFNetworking\" \"${PODS_ROOT}/Headers/CocoaAsyncSocket\" \"${PODS_ROOT}/Headers/CocoaHTTPServer\" \"${PODS_ROOT}/Headers/CocoaLumberjack\" \"${PODS_ROOT}/Headers/EEHUDView\" \"${PODS_ROOT}/Headers/JASidePanels\" \"${PODS_ROOT}/Headers/KissXML\" \"${PODS_ROOT}/Headers/Kiwi\" \"${PODS_ROOT}/Headers/MagicalRecord\" \"${PODS_ROOT}/Headers/NLTHTTPStubServer\" \"${PODS_ROOT}/Headers/TTTAttributedLabel\" \"${PODS_ROOT}/Headers/UIGlossyButton\"";
				PODS_ROOT = "${SRCROOT}/Pods";
				PRODUCT_NAME = "$(TARGET_NAME)";
				TEST_HOST = "$(BUNDLE_LOADER)";
				WRAPPER_EXTENSION = octest;
			};
			name = Release;
		};
/* End XCBuildConfiguration section */

/* Begin XCConfigurationList section */
		B9B83D6315FE7DB50071F088 /* Build configuration list for PBXProject "BrowseGithub" */ = {
			isa = XCConfigurationList;
			buildConfigurations = (
				B9B83D9D15FE7DB60071F088 /* Debug */,
				B9B83D9E15FE7DB60071F088 /* Release */,
			);
			defaultConfigurationIsVisible = 0;
			defaultConfigurationName = Release;
		};
		B9B83D9F15FE7DB60071F088 /* Build configuration list for PBXNativeTarget "BrowseGithub" */ = {
			isa = XCConfigurationList;
			buildConfigurations = (
				B9B83DA015FE7DB60071F088 /* Debug */,
				B9B83DA115FE7DB60071F088 /* Release */,
			);
			defaultConfigurationIsVisible = 0;
			defaultConfigurationName = Release;
		};
		B9B83DA215FE7DB60071F088 /* Build configuration list for PBXNativeTarget "BrowseGithubTests" */ = {
			isa = XCConfigurationList;
			buildConfigurations = (
				B9B83DA315FE7DB60071F088 /* Debug */,
				B9B83DA415FE7DB60071F088 /* Release */,
			);
			defaultConfigurationIsVisible = 0;
			defaultConfigurationName = Release;
		};
/* End XCConfigurationList section */
	};
	rootObject = B9B83D6015FE7DB50071F088 /* Project object */;
}
