<?xml version="1.0" encoding="UTF-8"?>
<!DOCTYPE plist PUBLIC "-//Apple//DTD PLIST 1.0//EN" "http://www.apple.com/DTDs/PropertyList-1.0.dtd">
<plist version="1.0">
<dict>
	<key>archiveVersion</key>
	<string>1</string>
	<key>classes</key>
	<dict/>
	<key>objectVersion</key>
	<string>46</string>
	<key>objects</key>
	<dict>
		<key>97B639BC8EB943CD8994A6BC</key>
		<dict>
			<key>includeInIndex</key>
			<string>1</string>
			<key>isa</key>
			<string>PBXFileReference</string>
			<key>lastKnownFileType</key>
			<string>text.xcconfig</string>
			<key>name</key>
			<string>Pods.xcconfig</string>
			<key>path</key>
			<string>Pods/Pods.xcconfig</string>
			<key>sourceTree</key>
			<string>SOURCE_ROOT</string>
		</dict>
		<key>AEADA0C5799C4066BE6D60F6</key>
		<dict>
			<key>fileRef</key>
			<string>BFB0973B50B04429AE388A5D</string>
			<key>isa</key>
			<string>PBXBuildFile</string>
		</dict>
		<key>B9EE7C4F15B7C24200BC79D6</key>
		<dict>
			<key>children</key>
			<array>
				<string>B9EE7C6415B7C24200BC79D6</string>
				<string>B9EE7C5D15B7C24200BC79D6</string>
				<string>B9EE7C5B15B7C24200BC79D6</string>
				<string>97B639BC8EB943CD8994A6BC</string>
			</array>
			<key>isa</key>
			<string>PBXGroup</string>
			<key>sourceTree</key>
			<string>&lt;group&gt;</string>
		</dict>
		<key>B9EE7C5115B7C24200BC79D6</key>
		<dict>
			<key>attributes</key>
			<dict>
				<key>CLASSPREFIX</key>
				<string>BG</string>
				<key>LastUpgradeCheck</key>
				<string>0430</string>
			</dict>
			<key>buildConfigurationList</key>
			<string>B9EE7C5415B7C24200BC79D6</string>
			<key>compatibilityVersion</key>
			<string>Xcode 3.2</string>
			<key>developmentRegion</key>
			<string>English</string>
			<key>hasScannedForEncodings</key>
			<string>0</string>
			<key>isa</key>
			<string>PBXProject</string>
			<key>knownRegions</key>
			<array>
				<string>en</string>
			</array>
			<key>mainGroup</key>
			<string>B9EE7C4F15B7C24200BC79D6</string>
			<key>productRefGroup</key>
			<string>B9EE7C5B15B7C24200BC79D6</string>
			<key>projectDirPath</key>
			<string></string>
			<key>projectRoot</key>
			<string></string>
			<key>targets</key>
			<array>
				<string>B9EE7C5915B7C24200BC79D6</string>
			</array>
		</dict>
		<key>B9EE7C5415B7C24200BC79D6</key>
		<dict>
			<key>buildConfigurations</key>
			<array>
				<string>B9EE7C7615B7C24200BC79D6</string>
				<string>B9EE7C7715B7C24200BC79D6</string>
			</array>
			<key>defaultConfigurationIsVisible</key>
			<string>0</string>
			<key>defaultConfigurationName</key>
			<string>Release</string>
			<key>isa</key>
			<string>XCConfigurationList</string>
		</dict>
		<key>B9EE7C5615B7C24200BC79D6</key>
		<dict>
			<key>buildActionMask</key>
			<string>2147483647</string>
			<key>files</key>
			<array>
				<string>B9EE7C6B15B7C24200BC79D6</string>
				<string>B9EE7C6F15B7C24200BC79D6</string>
				<string>B9EE7C7215B7C24200BC79D6</string>
			</array>
			<key>isa</key>
			<string>PBXSourcesBuildPhase</string>
			<key>runOnlyForDeploymentPostprocessing</key>
			<string>0</string>
		</dict>
		<key>B9EE7C5715B7C24200BC79D6</key>
		<dict>
			<key>buildActionMask</key>
			<string>2147483647</string>
			<key>files</key>
			<array>
				<string>B9EE7C5F15B7C24200BC79D6</string>
				<string>B9EE7C6115B7C24200BC79D6</string>
				<string>B9EE7C6315B7C24200BC79D6</string>
				<string>AEADA0C5799C4066BE6D60F6</string>
			</array>
			<key>isa</key>
			<string>PBXFrameworksBuildPhase</string>
			<key>runOnlyForDeploymentPostprocessing</key>
			<string>0</string>
		</dict>
		<key>B9EE7C5815B7C24200BC79D6</key>
		<dict>
			<key>buildActionMask</key>
			<string>2147483647</string>
			<key>files</key>
			<array>
				<string>B9EE7C6915B7C24200BC79D6</string>
				<string>B9EE7C7515B7C24200BC79D6</string>
			</array>
			<key>isa</key>
			<string>PBXResourcesBuildPhase</string>
			<key>runOnlyForDeploymentPostprocessing</key>
			<string>0</string>
		</dict>
		<key>B9EE7C5915B7C24200BC79D6</key>
		<dict>
			<key>buildConfigurationList</key>
			<string>B9EE7C7815B7C24200BC79D6</string>
			<key>buildPhases</key>
			<array>
				<string>B9EE7C5615B7C24200BC79D6</string>
				<string>B9EE7C5715B7C24200BC79D6</string>
				<string>B9EE7C5815B7C24200BC79D6</string>
				<string>CCCF857172D544359056C7B9</string>
			</array>
			<key>buildRules</key>
			<array/>
			<key>dependencies</key>
			<array/>
			<key>isa</key>
			<string>PBXNativeTarget</string>
			<key>name</key>
			<string>BrowseGithub</string>
			<key>productName</key>
			<string>BrowseGithub</string>
			<key>productReference</key>
			<string>B9EE7C5A15B7C24200BC79D6</string>
			<key>productType</key>
			<string>com.apple.product-type.application</string>
		</dict>
		<key>B9EE7C5A15B7C24200BC79D6</key>
		<dict>
			<key>explicitFileType</key>
			<string>wrapper.application</string>
			<key>includeInIndex</key>
			<string>0</string>
			<key>isa</key>
			<string>PBXFileReference</string>
			<key>name</key>
			<string>BrowseGithub.app</string>
			<key>path</key>
			<string>BrowseGithub.app</string>
			<key>sourceTree</key>
			<string>BUILT_PRODUCTS_DIR</string>
		</dict>
		<key>B9EE7C5B15B7C24200BC79D6</key>
		<dict>
			<key>children</key>
			<array>
				<string>B9EE7C5A15B7C24200BC79D6</string>
			</array>
			<key>isa</key>
			<string>PBXGroup</string>
			<key>name</key>
			<string>Products</string>
			<key>sourceTree</key>
			<string>&lt;group&gt;</string>
		</dict>
		<key>B9EE7C5D15B7C24200BC79D6</key>
		<dict>
			<key>children</key>
			<array>
				<string>B9EE7C5E15B7C24200BC79D6</string>
				<string>B9EE7C6015B7C24200BC79D6</string>
				<string>B9EE7C6215B7C24200BC79D6</string>
				<string>BFB0973B50B04429AE388A5D</string>
			</array>
			<key>isa</key>
			<string>PBXGroup</string>
			<key>name</key>
			<string>Frameworks</string>
			<key>sourceTree</key>
			<string>&lt;group&gt;</string>
		</dict>
		<key>B9EE7C5E15B7C24200BC79D6</key>
		<dict>
			<key>includeInIndex</key>
			<string>1</string>
			<key>isa</key>
			<string>PBXFileReference</string>
			<key>lastKnownFileType</key>
			<string>wrapper.framework</string>
			<key>name</key>
			<string>UIKit.framework</string>
			<key>path</key>
			<string>System/Library/Frameworks/UIKit.framework</string>
			<key>sourceTree</key>
			<string>SDKROOT</string>
		</dict>
		<key>B9EE7C5F15B7C24200BC79D6</key>
		<dict>
			<key>fileRef</key>
			<string>B9EE7C5E15B7C24200BC79D6</string>
			<key>isa</key>
			<string>PBXBuildFile</string>
		</dict>
		<key>B9EE7C6015B7C24200BC79D6</key>
		<dict>
			<key>includeInIndex</key>
			<string>1</string>
			<key>isa</key>
			<string>PBXFileReference</string>
			<key>lastKnownFileType</key>
			<string>wrapper.framework</string>
			<key>name</key>
			<string>Foundation.framework</string>
			<key>path</key>
			<string>System/Library/Frameworks/Foundation.framework</string>
			<key>sourceTree</key>
			<string>SDKROOT</string>
		</dict>
		<key>B9EE7C6115B7C24200BC79D6</key>
		<dict>
			<key>fileRef</key>
			<string>B9EE7C6015B7C24200BC79D6</string>
			<key>isa</key>
			<string>PBXBuildFile</string>
		</dict>
		<key>B9EE7C6215B7C24200BC79D6</key>
		<dict>
			<key>includeInIndex</key>
			<string>1</string>
			<key>isa</key>
			<string>PBXFileReference</string>
			<key>lastKnownFileType</key>
			<string>wrapper.framework</string>
			<key>name</key>
			<string>CoreGraphics.framework</string>
			<key>path</key>
			<string>System/Library/Frameworks/CoreGraphics.framework</string>
			<key>sourceTree</key>
			<string>SDKROOT</string>
		</dict>
		<key>B9EE7C6315B7C24200BC79D6</key>
		<dict>
			<key>fileRef</key>
			<string>B9EE7C6215B7C24200BC79D6</string>
			<key>isa</key>
			<string>PBXBuildFile</string>
		</dict>
		<key>B9EE7C6415B7C24200BC79D6</key>
		<dict>
			<key>children</key>
			<array>
				<string>B9EE7C6D15B7C24200BC79D6</string>
				<string>B9EE7C6E15B7C24200BC79D6</string>
				<string>B9EE7C7015B7C24200BC79D6</string>
				<string>B9EE7C7115B7C24200BC79D6</string>
				<string>B9EE7C7315B7C24200BC79D6</string>
				<string>B9EE7C6515B7C24200BC79D6</string>
			</array>
			<key>isa</key>
			<string>PBXGroup</string>
			<key>path</key>
			<string>BrowseGithub</string>
			<key>sourceTree</key>
			<string>&lt;group&gt;</string>
		</dict>
		<key>B9EE7C6515B7C24200BC79D6</key>
		<dict>
			<key>children</key>
			<array>
				<string>B9EE7C6615B7C24200BC79D6</string>
				<string>B9EE7C6715B7C24200BC79D6</string>
				<string>B9EE7C6A15B7C24200BC79D6</string>
				<string>B9EE7C6C15B7C24200BC79D6</string>
			</array>
			<key>isa</key>
			<string>PBXGroup</string>
			<key>name</key>
			<string>Supporting Files</string>
			<key>sourceTree</key>
			<string>&lt;group&gt;</string>
		</dict>
		<key>B9EE7C6615B7C24200BC79D6</key>
		<dict>
			<key>isa</key>
			<string>PBXFileReference</string>
			<key>lastKnownFileType</key>
			<string>text.plist.xml</string>
			<key>path</key>
			<string>BrowseGithub-Info.plist</string>
			<key>sourceTree</key>
			<string>&lt;group&gt;</string>
		</dict>
		<key>B9EE7C6715B7C24200BC79D6</key>
		<dict>
			<key>children</key>
			<array>
				<string>B9EE7C6815B7C24200BC79D6</string>
			</array>
			<key>isa</key>
			<string>PBXVariantGroup</string>
			<key>name</key>
			<string>InfoPlist.strings</string>
			<key>sourceTree</key>
			<string>&lt;group&gt;</string>
		</dict>
		<key>B9EE7C6815B7C24200BC79D6</key>
		<dict>
			<key>isa</key>
			<string>PBXFileReference</string>
			<key>lastKnownFileType</key>
			<string>text.plist.strings</string>
			<key>name</key>
			<string>en</string>
			<key>path</key>
			<string>en.lproj/InfoPlist.strings</string>
			<key>sourceTree</key>
			<string>&lt;group&gt;</string>
		</dict>
		<key>B9EE7C6915B7C24200BC79D6</key>
		<dict>
			<key>fileRef</key>
			<string>B9EE7C6715B7C24200BC79D6</string>
			<key>isa</key>
			<string>PBXBuildFile</string>
		</dict>
		<key>B9EE7C6A15B7C24200BC79D6</key>
		<dict>
			<key>isa</key>
			<string>PBXFileReference</string>
			<key>lastKnownFileType</key>
			<string>sourcecode.c.objc</string>
			<key>path</key>
			<string>main.m</string>
			<key>sourceTree</key>
			<string>&lt;group&gt;</string>
		</dict>
		<key>B9EE7C6B15B7C24200BC79D6</key>
		<dict>
			<key>fileRef</key>
			<string>B9EE7C6A15B7C24200BC79D6</string>
			<key>isa</key>
			<string>PBXBuildFile</string>
		</dict>
		<key>B9EE7C6C15B7C24200BC79D6</key>
		<dict>
			<key>isa</key>
			<string>PBXFileReference</string>
			<key>lastKnownFileType</key>
			<string>sourcecode.c.h</string>
			<key>path</key>
			<string>BrowseGithub-Prefix.pch</string>
			<key>sourceTree</key>
			<string>&lt;group&gt;</string>
		</dict>
		<key>B9EE7C6D15B7C24200BC79D6</key>
		<dict>
			<key>isa</key>
			<string>PBXFileReference</string>
			<key>lastKnownFileType</key>
			<string>sourcecode.c.h</string>
			<key>path</key>
			<string>BGAppDelegate.h</string>
			<key>sourceTree</key>
			<string>&lt;group&gt;</string>
		</dict>
		<key>B9EE7C6E15B7C24200BC79D6</key>
		<dict>
			<key>isa</key>
			<string>PBXFileReference</string>
			<key>lastKnownFileType</key>
			<string>sourcecode.c.objc</string>
			<key>path</key>
			<string>BGAppDelegate.m</string>
			<key>sourceTree</key>
			<string>&lt;group&gt;</string>
		</dict>
		<key>B9EE7C6F15B7C24200BC79D6</key>
		<dict>
			<key>fileRef</key>
			<string>B9EE7C6E15B7C24200BC79D6</string>
			<key>isa</key>
			<string>PBXBuildFile</string>
		</dict>
		<key>B9EE7C7015B7C24200BC79D6</key>
		<dict>
			<key>isa</key>
			<string>PBXFileReference</string>
			<key>lastKnownFileType</key>
			<string>sourcecode.c.h</string>
			<key>path</key>
			<string>BGViewController.h</string>
			<key>sourceTree</key>
			<string>&lt;group&gt;</string>
		</dict>
		<key>B9EE7C7115B7C24200BC79D6</key>
		<dict>
			<key>isa</key>
			<string>PBXFileReference</string>
			<key>lastKnownFileType</key>
			<string>sourcecode.c.objc</string>
			<key>path</key>
			<string>BGViewController.m</string>
			<key>sourceTree</key>
			<string>&lt;group&gt;</string>
		</dict>
		<key>B9EE7C7215B7C24200BC79D6</key>
		<dict>
			<key>fileRef</key>
			<string>B9EE7C7115B7C24200BC79D6</string>
			<key>isa</key>
			<string>PBXBuildFile</string>
		</dict>
		<key>B9EE7C7315B7C24200BC79D6</key>
		<dict>
			<key>children</key>
			<array>
				<string>B9EE7C7415B7C24200BC79D6</string>
			</array>
			<key>isa</key>
			<string>PBXVariantGroup</string>
			<key>name</key>
			<string>BGViewController.xib</string>
			<key>sourceTree</key>
			<string>&lt;group&gt;</string>
		</dict>
		<key>B9EE7C7415B7C24200BC79D6</key>
		<dict>
			<key>isa</key>
			<string>PBXFileReference</string>
			<key>lastKnownFileType</key>
			<string>file.xib</string>
			<key>name</key>
			<string>en</string>
			<key>path</key>
			<string>en.lproj/BGViewController.xib</string>
			<key>sourceTree</key>
			<string>&lt;group&gt;</string>
		</dict>
		<key>B9EE7C7515B7C24200BC79D6</key>
		<dict>
			<key>fileRef</key>
			<string>B9EE7C7315B7C24200BC79D6</string>
			<key>isa</key>
			<string>PBXBuildFile</string>
		</dict>
		<key>B9EE7C7615B7C24200BC79D6</key>
		<dict>
			<key>buildSettings</key>
			<dict>
				<key>ALWAYS_SEARCH_USER_PATHS</key>
				<string>NO</string>
				<key>ARCHS</key>
				<string>$(ARCHS_STANDARD_32_BIT)</string>
				<key>CLANG_ENABLE_OBJC_ARC</key>
				<string>YES</string>
				<key>CODE_SIGN_IDENTITY[sdk=iphoneos*]</key>
				<string>iPhone Developer</string>
				<key>COPY_PHASE_STRIP</key>
				<string>NO</string>
				<key>GCC_C_LANGUAGE_STANDARD</key>
				<string>gnu99</string>
				<key>GCC_DYNAMIC_NO_PIC</key>
				<string>NO</string>
				<key>GCC_OPTIMIZATION_LEVEL</key>
				<string>0</string>
				<key>GCC_PREPROCESSOR_DEFINITIONS</key>
				<array>
					<string>DEBUG=1</string>
					<string>$(inherited)</string>
				</array>
				<key>GCC_SYMBOLS_PRIVATE_EXTERN</key>
				<string>NO</string>
				<key>GCC_VERSION</key>
				<string>com.apple.compilers.llvm.clang.1_0</string>
				<key>GCC_WARN_ABOUT_RETURN_TYPE</key>
				<string>YES</string>
				<key>GCC_WARN_UNINITIALIZED_AUTOS</key>
				<string>YES</string>
				<key>GCC_WARN_UNUSED_VARIABLE</key>
				<string>YES</string>
				<key>IPHONEOS_DEPLOYMENT_TARGET</key>
				<string>5.1</string>
				<key>SDKROOT</key>
				<string>iphoneos</string>
			</dict>
			<key>isa</key>
			<string>XCBuildConfiguration</string>
			<key>name</key>
			<string>Debug</string>
		</dict>
		<key>B9EE7C7715B7C24200BC79D6</key>
		<dict>
			<key>buildSettings</key>
			<dict>
				<key>ALWAYS_SEARCH_USER_PATHS</key>
				<string>NO</string>
				<key>ARCHS</key>
				<string>$(ARCHS_STANDARD_32_BIT)</string>
				<key>CLANG_ENABLE_OBJC_ARC</key>
				<string>YES</string>
				<key>CODE_SIGN_IDENTITY[sdk=iphoneos*]</key>
				<string>iPhone Developer</string>
				<key>COPY_PHASE_STRIP</key>
				<string>YES</string>
				<key>GCC_C_LANGUAGE_STANDARD</key>
				<string>gnu99</string>
				<key>GCC_VERSION</key>
				<string>com.apple.compilers.llvm.clang.1_0</string>
				<key>GCC_WARN_ABOUT_RETURN_TYPE</key>
				<string>YES</string>
				<key>GCC_WARN_UNINITIALIZED_AUTOS</key>
				<string>YES</string>
				<key>GCC_WARN_UNUSED_VARIABLE</key>
				<string>YES</string>
				<key>IPHONEOS_DEPLOYMENT_TARGET</key>
				<string>5.1</string>
				<key>OTHER_CFLAGS</key>
				<string>-DNS_BLOCK_ASSERTIONS=1</string>
				<key>SDKROOT</key>
				<string>iphoneos</string>
				<key>VALIDATE_PRODUCT</key>
				<string>YES</string>
			</dict>
			<key>isa</key>
			<string>XCBuildConfiguration</string>
			<key>name</key>
			<string>Release</string>
		</dict>
		<key>B9EE7C7815B7C24200BC79D6</key>
		<dict>
			<key>buildConfigurations</key>
			<array>
				<string>B9EE7C7915B7C24200BC79D6</string>
				<string>B9EE7C7A15B7C24200BC79D6</string>
			</array>
			<key>defaultConfigurationIsVisible</key>
			<string>0</string>
			<key>isa</key>
			<string>XCConfigurationList</string>
		</dict>
		<key>B9EE7C7915B7C24200BC79D6</key>
		<dict>
			<key>baseConfigurationReference</key>
			<string>97B639BC8EB943CD8994A6BC</string>
			<key>buildSettings</key>
			<dict>
				<key>GCC_PRECOMPILE_PREFIX_HEADER</key>
				<string>YES</string>
				<key>GCC_PREFIX_HEADER</key>
				<string>BrowseGithub/BrowseGithub-Prefix.pch</string>
				<key>INFOPLIST_FILE</key>
				<string>BrowseGithub/BrowseGithub-Info.plist</string>
				<key>PRODUCT_NAME</key>
				<string>$(TARGET_NAME)</string>
				<key>WRAPPER_EXTENSION</key>
				<string>app</string>
			</dict>
			<key>isa</key>
			<string>XCBuildConfiguration</string>
			<key>name</key>
			<string>Debug</string>
		</dict>
		<key>B9EE7C7A15B7C24200BC79D6</key>
		<dict>
			<key>baseConfigurationReference</key>
			<string>97B639BC8EB943CD8994A6BC</string>
			<key>buildSettings</key>
			<dict>
				<key>GCC_PRECOMPILE_PREFIX_HEADER</key>
				<string>YES</string>
				<key>GCC_PREFIX_HEADER</key>
				<string>BrowseGithub/BrowseGithub-Prefix.pch</string>
				<key>INFOPLIST_FILE</key>
				<string>BrowseGithub/BrowseGithub-Info.plist</string>
				<key>PRODUCT_NAME</key>
				<string>$(TARGET_NAME)</string>
				<key>WRAPPER_EXTENSION</key>
				<string>app</string>
			</dict>
			<key>isa</key>
			<string>XCBuildConfiguration</string>
			<key>name</key>
			<string>Release</string>
		</dict>
		<key>BFB0973B50B04429AE388A5D</key>
		<dict>
			<key>explicitFileType</key>
			<string>archive.ar</string>
			<key>includeInIndex</key>
			<string>0</string>
			<key>isa</key>
			<string>PBXFileReference</string>
			<key>name</key>
			<string>libPods.a</string>
			<key>path</key>
			<string>libPods.a</string>
			<key>sourceTree</key>
			<string>BUILT_PRODUCTS_DIR</string>
		</dict>
		<key>CCCF857172D544359056C7B9</key>
		<dict>
			<key>buildActionMask</key>
			<string>2147483647</string>
			<key>files</key>
			<array/>
			<key>inputPaths</key>
			<array/>
			<key>isa</key>
			<string>PBXShellScriptBuildPhase</string>
			<key>name</key>
			<string>Copy Pods Resources</string>
			<key>outputPaths</key>
			<array/>
			<key>runOnlyForDeploymentPostprocessing</key>
			<string>0</string>
			<key>shellPath</key>
			<string>/bin/sh</string>
			<key>shellScript</key>
			<string>"${SRCROOT}/Pods/Pods-resources.sh"
</string>
		</dict>
	</dict>
	<key>rootObject</key>
	<string>B9EE7C5115B7C24200BC79D6</string>
</dict>
</plist>
