// !$*UTF8*$!
{
	archiveVersion = 1;
	classes = {
	};
	objectVersion = 46;
	objects = {

/* Begin PBXBuildFile section */
		AEADA0C5799C4066BE6D60F6 /* libPods.a in Frameworks */ = {isa = PBXBuildFile; fileRef = BFB0973B50B04429AE388A5D /* libPods.a */; };
		B9075DE715E5EE3700DADA73 /* UIKit.framework in Frameworks */ = {isa = PBXBuildFile; fileRef = B9EE7C5E15B7C24200BC79D6 /* UIKit.framework */; };
		B9075DE815E5EE3700DADA73 /* Foundation.framework in Frameworks */ = {isa = PBXBuildFile; fileRef = B9EE7C6015B7C24200BC79D6 /* Foundation.framework */; };
		B9075DE915E5EE3700DADA73 /* CoreGraphics.framework in Frameworks */ = {isa = PBXBuildFile; fileRef = B9EE7C6215B7C24200BC79D6 /* CoreGraphics.framework */; };
		B9075DEF15E5EE3700DADA73 /* InfoPlist.strings in Resources */ = {isa = PBXBuildFile; fileRef = B9075DED15E5EE3700DADA73 /* InfoPlist.strings */; };
		B9075DF115E5EE3700DADA73 /* main.m in Sources */ = {isa = PBXBuildFile; fileRef = B9075DF015E5EE3700DADA73 /* main.m */; };
		B9075DFA15E5EEF400DADA73 /* libPods.a in Frameworks */ = {isa = PBXBuildFile; fileRef = BFB0973B50B04429AE388A5D /* libPods.a */; };
		B9075DFD15E5F14600DADA73 /* BGAppDelegate.m in Sources */ = {isa = PBXBuildFile; fileRef = B9EE7C6E15B7C24200BC79D6 /* BGAppDelegate.m */; };
		B9075E0015E5F69000DADA73 /* BGNavigationController.m in Sources */ = {isa = PBXBuildFile; fileRef = B9075DFF15E5F69000DADA73 /* BGNavigationController.m */; };
		B9075E0115E5F69000DADA73 /* BGNavigationController.m in Sources */ = {isa = PBXBuildFile; fileRef = B9075DFF15E5F69000DADA73 /* BGNavigationController.m */; };
		B9075E0B15E67A0D00DADA73 /* BGGlobalMenuViewController.m in Sources */ = {isa = PBXBuildFile; fileRef = B9075E0A15E67A0D00DADA73 /* BGGlobalMenuViewController.m */; };
		B9075E0C15E67A0D00DADA73 /* BGGlobalMenuViewController.m in Sources */ = {isa = PBXBuildFile; fileRef = B9075E0A15E67A0D00DADA73 /* BGGlobalMenuViewController.m */; };
		B948A2A815E6C26700712CB0 /* SenTestingKit.framework in Frameworks */ = {isa = PBXBuildFile; fileRef = B948A2A715E6C26700712CB0 /* SenTestingKit.framework */; };
		B948A2A915E6C26700712CB0 /* UIKit.framework in Frameworks */ = {isa = PBXBuildFile; fileRef = B9EE7C5E15B7C24200BC79D6 /* UIKit.framework */; };
		B948A2AA15E6C26700712CB0 /* Foundation.framework in Frameworks */ = {isa = PBXBuildFile; fileRef = B9EE7C6015B7C24200BC79D6 /* Foundation.framework */; };
		B948A2B015E6C26700712CB0 /* InfoPlist.strings in Resources */ = {isa = PBXBuildFile; fileRef = B948A2AE15E6C26700712CB0 /* InfoPlist.strings */; };
		B948A2B315E6C26700712CB0 /* BrowseGithubSpecs.m in Sources */ = {isa = PBXBuildFile; fileRef = B948A2B215E6C26700712CB0 /* BrowseGithubSpecs.m */; };
		B9EE7C5F15B7C24200BC79D6 /* UIKit.framework in Frameworks */ = {isa = PBXBuildFile; fileRef = B9EE7C5E15B7C24200BC79D6 /* UIKit.framework */; };
		B9EE7C6115B7C24200BC79D6 /* Foundation.framework in Frameworks */ = {isa = PBXBuildFile; fileRef = B9EE7C6015B7C24200BC79D6 /* Foundation.framework */; };
		B9EE7C6315B7C24200BC79D6 /* CoreGraphics.framework in Frameworks */ = {isa = PBXBuildFile; fileRef = B9EE7C6215B7C24200BC79D6 /* CoreGraphics.framework */; };
		B9EE7C6915B7C24200BC79D6 /* InfoPlist.strings in Resources */ = {isa = PBXBuildFile; fileRef = B9EE7C6715B7C24200BC79D6 /* InfoPlist.strings */; };
		B9EE7C6B15B7C24200BC79D6 /* main.m in Sources */ = {isa = PBXBuildFile; fileRef = B9EE7C6A15B7C24200BC79D6 /* main.m */; };
		B9EE7C6F15B7C24200BC79D6 /* BGAppDelegate.m in Sources */ = {isa = PBXBuildFile; fileRef = B9EE7C6E15B7C24200BC79D6 /* BGAppDelegate.m */; };
/* End PBXBuildFile section */

/* Begin PBXFileReference section */
		97B639BC8EB943CD8994A6BC /* Pods.xcconfig */ = {isa = PBXFileReference; includeInIndex = 1; lastKnownFileType = text.xcconfig; name = Pods.xcconfig; path = Pods/Pods.xcconfig; sourceTree = SOURCE_ROOT; };
		B9075DE515E5EE3700DADA73 /* BrowseGithubTests.app */ = {isa = PBXFileReference; explicitFileType = wrapper.application; includeInIndex = 0; path = BrowseGithubTests.app; sourceTree = BUILT_PRODUCTS_DIR; };
		B9075DEC15E5EE3700DADA73 /* BrowseGithubTests-Info.plist */ = {isa = PBXFileReference; lastKnownFileType = text.plist.xml; path = "BrowseGithubTests-Info.plist"; sourceTree = "<group>"; };
		B9075DEE15E5EE3700DADA73 /* en */ = {isa = PBXFileReference; lastKnownFileType = text.plist.strings; name = en; path = en.lproj/InfoPlist.strings; sourceTree = "<group>"; };
		B9075DF015E5EE3700DADA73 /* main.m */ = {isa = PBXFileReference; lastKnownFileType = sourcecode.c.objc; path = main.m; sourceTree = "<group>"; };
		B9075DF215E5EE3700DADA73 /* BrowseGithubTests-Prefix.pch */ = {isa = PBXFileReference; lastKnownFileType = sourcecode.c.h; path = "BrowseGithubTests-Prefix.pch"; sourceTree = "<group>"; };
		B9075DFE15E5F69000DADA73 /* BGNavigationController.h */ = {isa = PBXFileReference; fileEncoding = 4; lastKnownFileType = sourcecode.c.h; path = BGNavigationController.h; sourceTree = "<group>"; };
		B9075DFF15E5F69000DADA73 /* BGNavigationController.m */ = {isa = PBXFileReference; fileEncoding = 4; lastKnownFileType = sourcecode.c.objc; path = BGNavigationController.m; sourceTree = "<group>"; };
		B9075E0915E67A0D00DADA73 /* BGGlobalMenuViewController.h */ = {isa = PBXFileReference; fileEncoding = 4; lastKnownFileType = sourcecode.c.h; path = BGGlobalMenuViewController.h; sourceTree = "<group>"; };
		B9075E0A15E67A0D00DADA73 /* BGGlobalMenuViewController.m */ = {isa = PBXFileReference; fileEncoding = 4; lastKnownFileType = sourcecode.c.objc; path = BGGlobalMenuViewController.m; sourceTree = "<group>"; };
		B9075E0F15E67B4000DADA73 /* BGGlobalMenuViewControllerDelegate.h */ = {isa = PBXFileReference; lastKnownFileType = sourcecode.c.h; path = BGGlobalMenuViewControllerDelegate.h; sourceTree = "<group>"; };
		B948A2A615E6C26700712CB0 /* BrowseGithubSpecs.octest */ = {isa = PBXFileReference; explicitFileType = wrapper.cfbundle; includeInIndex = 0; path = BrowseGithubSpecs.octest; sourceTree = BUILT_PRODUCTS_DIR; };
		B948A2A715E6C26700712CB0 /* SenTestingKit.framework */ = {isa = PBXFileReference; lastKnownFileType = wrapper.framework; name = SenTestingKit.framework; path = Library/Frameworks/SenTestingKit.framework; sourceTree = DEVELOPER_DIR; };
		B948A2AD15E6C26700712CB0 /* BrowseGithubSpecs-Info.plist */ = {isa = PBXFileReference; lastKnownFileType = text.plist.xml; path = "BrowseGithubSpecs-Info.plist"; sourceTree = "<group>"; };
		B948A2AF15E6C26700712CB0 /* en */ = {isa = PBXFileReference; lastKnownFileType = text.plist.strings; name = en; path = en.lproj/InfoPlist.strings; sourceTree = "<group>"; };
		B948A2B115E6C26700712CB0 /* BrowseGithubSpecs.h */ = {isa = PBXFileReference; lastKnownFileType = sourcecode.c.h; path = BrowseGithubSpecs.h; sourceTree = "<group>"; };
		B948A2B215E6C26700712CB0 /* BrowseGithubSpecs.m */ = {isa = PBXFileReference; lastKnownFileType = sourcecode.c.objc; path = BrowseGithubSpecs.m; sourceTree = "<group>"; };
		B948A2B415E6C26700712CB0 /* BrowseGithubSpecs-Prefix.pch */ = {isa = PBXFileReference; lastKnownFileType = sourcecode.c.h; path = "BrowseGithubSpecs-Prefix.pch"; sourceTree = "<group>"; };
		B9EE7C5A15B7C24200BC79D6 /* BrowseGithub.app */ = {isa = PBXFileReference; explicitFileType = wrapper.application; includeInIndex = 0; path = BrowseGithub.app; sourceTree = BUILT_PRODUCTS_DIR; };
		B9EE7C5E15B7C24200BC79D6 /* UIKit.framework */ = {isa = PBXFileReference; includeInIndex = 1; lastKnownFileType = wrapper.framework; name = UIKit.framework; path = System/Library/Frameworks/UIKit.framework; sourceTree = SDKROOT; };
		B9EE7C6015B7C24200BC79D6 /* Foundation.framework */ = {isa = PBXFileReference; includeInIndex = 1; lastKnownFileType = wrapper.framework; name = Foundation.framework; path = System/Library/Frameworks/Foundation.framework; sourceTree = SDKROOT; };
		B9EE7C6215B7C24200BC79D6 /* CoreGraphics.framework */ = {isa = PBXFileReference; includeInIndex = 1; lastKnownFileType = wrapper.framework; name = CoreGraphics.framework; path = System/Library/Frameworks/CoreGraphics.framework; sourceTree = SDKROOT; };
		B9EE7C6615B7C24200BC79D6 /* BrowseGithub-Info.plist */ = {isa = PBXFileReference; lastKnownFileType = text.plist.xml; path = "BrowseGithub-Info.plist"; sourceTree = "<group>"; };
		B9EE7C6815B7C24200BC79D6 /* en */ = {isa = PBXFileReference; lastKnownFileType = text.plist.strings; name = en; path = en.lproj/InfoPlist.strings; sourceTree = "<group>"; };
		B9EE7C6A15B7C24200BC79D6 /* main.m */ = {isa = PBXFileReference; lastKnownFileType = sourcecode.c.objc; path = main.m; sourceTree = "<group>"; };
		B9EE7C6C15B7C24200BC79D6 /* BrowseGithub-Prefix.pch */ = {isa = PBXFileReference; lastKnownFileType = sourcecode.c.h; path = "BrowseGithub-Prefix.pch"; sourceTree = "<group>"; };
		B9EE7C6D15B7C24200BC79D6 /* BGAppDelegate.h */ = {isa = PBXFileReference; lastKnownFileType = sourcecode.c.h; path = BGAppDelegate.h; sourceTree = "<group>"; };
		B9EE7C6E15B7C24200BC79D6 /* BGAppDelegate.m */ = {isa = PBXFileReference; lastKnownFileType = sourcecode.c.objc; path = BGAppDelegate.m; sourceTree = "<group>"; };
		BFB0973B50B04429AE388A5D /* libPods.a */ = {isa = PBXFileReference; explicitFileType = archive.ar; includeInIndex = 0; path = libPods.a; sourceTree = BUILT_PRODUCTS_DIR; };
/* End PBXFileReference section */

/* Begin PBXFrameworksBuildPhase section */
		B9075DE215E5EE3700DADA73 /* Frameworks */ = {
			isa = PBXFrameworksBuildPhase;
			buildActionMask = 2147483647;
			files = (
				B9075DE715E5EE3700DADA73 /* UIKit.framework in Frameworks */,
				B9075DE815E5EE3700DADA73 /* Foundation.framework in Frameworks */,
				B9075DE915E5EE3700DADA73 /* CoreGraphics.framework in Frameworks */,
				B9075DFA15E5EEF400DADA73 /* libPods.a in Frameworks */,
			);
			runOnlyForDeploymentPostprocessing = 0;
		};
		B948A2A215E6C26700712CB0 /* Frameworks */ = {
			isa = PBXFrameworksBuildPhase;
			buildActionMask = 2147483647;
			files = (
				B948A2A815E6C26700712CB0 /* SenTestingKit.framework in Frameworks */,
				B948A2A915E6C26700712CB0 /* UIKit.framework in Frameworks */,
				B948A2AA15E6C26700712CB0 /* Foundation.framework in Frameworks */,
			);
			runOnlyForDeploymentPostprocessing = 0;
		};
		B9EE7C5715B7C24200BC79D6 /* Frameworks */ = {
			isa = PBXFrameworksBuildPhase;
			buildActionMask = 2147483647;
			files = (
				B9EE7C5F15B7C24200BC79D6 /* UIKit.framework in Frameworks */,
				B9EE7C6115B7C24200BC79D6 /* Foundation.framework in Frameworks */,
				B9EE7C6315B7C24200BC79D6 /* CoreGraphics.framework in Frameworks */,
				AEADA0C5799C4066BE6D60F6 /* libPods.a in Frameworks */,
			);
			runOnlyForDeploymentPostprocessing = 0;
		};
/* End PBXFrameworksBuildPhase section */

/* Begin PBXGroup section */
		B9075DEA15E5EE3700DADA73 /* BrowseGithubTests */ = {
			isa = PBXGroup;
			children = (
				B9075DEB15E5EE3700DADA73 /* Supporting Files */,
			);
			path = BrowseGithubTests;
			sourceTree = "<group>";
		};
		B9075DEB15E5EE3700DADA73 /* Supporting Files */ = {
			isa = PBXGroup;
			children = (
				B9075DEC15E5EE3700DADA73 /* BrowseGithubTests-Info.plist */,
				B9075DED15E5EE3700DADA73 /* InfoPlist.strings */,
				B9075DF015E5EE3700DADA73 /* main.m */,
				B9075DF215E5EE3700DADA73 /* BrowseGithubTests-Prefix.pch */,
			);
			name = "Supporting Files";
			sourceTree = "<group>";
		};
		B9075E0D15E67A1700DADA73 /* Roots */ = {
			isa = PBXGroup;
			children = (
				B9EE7C6D15B7C24200BC79D6 /* BGAppDelegate.h */,
				B9EE7C6E15B7C24200BC79D6 /* BGAppDelegate.m */,
				B9075DFE15E5F69000DADA73 /* BGNavigationController.h */,
				B9075DFF15E5F69000DADA73 /* BGNavigationController.m */,
				B9075E0F15E67B4000DADA73 /* BGGlobalMenuViewControllerDelegate.h */,
				B9075E0915E67A0D00DADA73 /* BGGlobalMenuViewController.h */,
				B9075E0A15E67A0D00DADA73 /* BGGlobalMenuViewController.m */,
			);
			name = Roots;
			sourceTree = "<group>";
		};
		B9075E0E15E67A2B00DADA73 /* Models */ = {
			isa = PBXGroup;
			children = (
			);
			name = Models;
			sourceTree = "<group>";
		};
		B948A2AB15E6C26700712CB0 /* BrowseGithubSpecs */ = {
			isa = PBXGroup;
			children = (
				B948A2B115E6C26700712CB0 /* BrowseGithubSpecs.h */,
				B948A2B215E6C26700712CB0 /* BrowseGithubSpecs.m */,
				B948A2AC15E6C26700712CB0 /* Supporting Files */,
			);
			path = BrowseGithubSpecs;
			sourceTree = "<group>";
		};
		B948A2AC15E6C26700712CB0 /* Supporting Files */ = {
			isa = PBXGroup;
			children = (
				B948A2AD15E6C26700712CB0 /* BrowseGithubSpecs-Info.plist */,
				B948A2AE15E6C26700712CB0 /* InfoPlist.strings */,
				B948A2B415E6C26700712CB0 /* BrowseGithubSpecs-Prefix.pch */,
			);
			name = "Supporting Files";
			sourceTree = "<group>";
		};
		B9EE7C4F15B7C24200BC79D6 = {
			isa = PBXGroup;
			children = (
				B9EE7C6415B7C24200BC79D6 /* BrowseGithub */,
				B9075DEA15E5EE3700DADA73 /* BrowseGithubTests */,
				B948A2AB15E6C26700712CB0 /* BrowseGithubSpecs */,
				B9EE7C5D15B7C24200BC79D6 /* Frameworks */,
				B9EE7C5B15B7C24200BC79D6 /* Products */,
				97B639BC8EB943CD8994A6BC /* Pods.xcconfig */,
			);
			sourceTree = "<group>";
		};
		B9EE7C5B15B7C24200BC79D6 /* Products */ = {
			isa = PBXGroup;
			children = (
				B9EE7C5A15B7C24200BC79D6 /* BrowseGithub.app */,
				B9075DE515E5EE3700DADA73 /* BrowseGithubTests.app */,
				B948A2A615E6C26700712CB0 /* BrowseGithubSpecs.octest */,
			);
			name = Products;
			sourceTree = "<group>";
		};
		B9EE7C5D15B7C24200BC79D6 /* Frameworks */ = {
			isa = PBXGroup;
			children = (
				B9EE7C5E15B7C24200BC79D6 /* UIKit.framework */,
				B9EE7C6015B7C24200BC79D6 /* Foundation.framework */,
				B9EE7C6215B7C24200BC79D6 /* CoreGraphics.framework */,
				BFB0973B50B04429AE388A5D /* libPods.a */,
				B948A2A715E6C26700712CB0 /* SenTestingKit.framework */,
			);
			name = Frameworks;
			sourceTree = "<group>";
		};
		B9EE7C6415B7C24200BC79D6 /* BrowseGithub */ = {
			isa = PBXGroup;
			children = (
				B9075E0E15E67A2B00DADA73 /* Models */,
				B9075E0D15E67A1700DADA73 /* Roots */,
				B9EE7C6515B7C24200BC79D6 /* Supporting Files */,
			);
			path = BrowseGithub;
			sourceTree = "<group>";
		};
		B9EE7C6515B7C24200BC79D6 /* Supporting Files */ = {
			isa = PBXGroup;
			children = (
				B9EE7C6615B7C24200BC79D6 /* BrowseGithub-Info.plist */,
				B9EE7C6715B7C24200BC79D6 /* InfoPlist.strings */,
				B9EE7C6A15B7C24200BC79D6 /* main.m */,
				B9EE7C6C15B7C24200BC79D6 /* BrowseGithub-Prefix.pch */,
			);
			name = "Supporting Files";
			sourceTree = "<group>";
		};
/* End PBXGroup section */

/* Begin PBXNativeTarget section */
		B9075DE415E5EE3700DADA73 /* BrowseGithubTests */ = {
			isa = PBXNativeTarget;
			buildConfigurationList = B9075DF815E5EE3700DADA73 /* Build configuration list for PBXNativeTarget "BrowseGithubTests" */;
			buildPhases = (
				B9075DE115E5EE3700DADA73 /* Sources */,
				B9075DE215E5EE3700DADA73 /* Frameworks */,
				B9075DE315E5EE3700DADA73 /* Resources */,
			);
			buildRules = (
			);
			dependencies = (
			);
			name = BrowseGithubTests;
			productName = BrowseGithubTests;
			productReference = B9075DE515E5EE3700DADA73 /* BrowseGithubTests.app */;
			productType = "com.apple.product-type.application";
		};
		B948A2A515E6C26700712CB0 /* BrowseGithubSpecs */ = {
			isa = PBXNativeTarget;
			buildConfigurationList = B948A2B715E6C26700712CB0 /* Build configuration list for PBXNativeTarget "BrowseGithubSpecs" */;
			buildPhases = (
				B948A2A115E6C26700712CB0 /* Sources */,
				B948A2A215E6C26700712CB0 /* Frameworks */,
				B948A2A315E6C26700712CB0 /* Resources */,
				B948A2A415E6C26700712CB0 /* ShellScript */,
			);
			buildRules = (
			);
			dependencies = (
			);
			name = BrowseGithubSpecs;
			productName = BrowseGithubSpecs;
			productReference = B948A2A615E6C26700712CB0 /* BrowseGithubSpecs.octest */;
			productType = "com.apple.product-type.bundle";
		};
		B9EE7C5915B7C24200BC79D6 /* BrowseGithub */ = {
			isa = PBXNativeTarget;
			buildConfigurationList = B9EE7C7815B7C24200BC79D6 /* Build configuration list for PBXNativeTarget "BrowseGithub" */;
			buildPhases = (
				B9EE7C5615B7C24200BC79D6 /* Sources */,
				B9EE7C5715B7C24200BC79D6 /* Frameworks */,
				B9EE7C5815B7C24200BC79D6 /* Resources */,
				CCCF857172D544359056C7B9 /* Copy Pods Resources */,
			);
			buildRules = (
			);
			dependencies = (
			);
			name = BrowseGithub;
			productName = BrowseGithub;
			productReference = B9EE7C5A15B7C24200BC79D6 /* BrowseGithub.app */;
			productType = "com.apple.product-type.application";
		};
/* End PBXNativeTarget section */

/* Begin PBXProject section */
		B9EE7C5115B7C24200BC79D6 /* Project object */ = {
			isa = PBXProject;
			attributes = {
				CLASSPREFIX = BG;
				LastUpgradeCheck = 0430;
			};
			buildConfigurationList = B9EE7C5415B7C24200BC79D6 /* Build configuration list for PBXProject "BrowseGithub" */;
			compatibilityVersion = "Xcode 3.2";
			developmentRegion = English;
			hasScannedForEncodings = 0;
			knownRegions = (
				en,
			);
			mainGroup = B9EE7C4F15B7C24200BC79D6;
			productRefGroup = B9EE7C5B15B7C24200BC79D6 /* Products */;
			projectDirPath = "";
			projectRoot = "";
			targets = (
				B9EE7C5915B7C24200BC79D6 /* BrowseGithub */,
				B9075DE415E5EE3700DADA73 /* BrowseGithubTests */,
				B948A2A515E6C26700712CB0 /* BrowseGithubSpecs */,
			);
		};
/* End PBXProject section */

/* Begin PBXResourcesBuildPhase section */
		B9075DE315E5EE3700DADA73 /* Resources */ = {
			isa = PBXResourcesBuildPhase;
			buildActionMask = 2147483647;
			files = (
				B9075DEF15E5EE3700DADA73 /* InfoPlist.strings in Resources */,
			);
			runOnlyForDeploymentPostprocessing = 0;
		};
		B948A2A315E6C26700712CB0 /* Resources */ = {
			isa = PBXResourcesBuildPhase;
			buildActionMask = 2147483647;
			files = (
				B948A2B015E6C26700712CB0 /* InfoPlist.strings in Resources */,
			);
			runOnlyForDeploymentPostprocessing = 0;
		};
		B9EE7C5815B7C24200BC79D6 /* Resources */ = {
			isa = PBXResourcesBuildPhase;
			buildActionMask = 2147483647;
			files = (
				B9EE7C6915B7C24200BC79D6 /* InfoPlist.strings in Resources */,
			);
			runOnlyForDeploymentPostprocessing = 0;
		};
/* End PBXResourcesBuildPhase section */

/* Begin PBXShellScriptBuildPhase section */
		B948A2A415E6C26700712CB0 /* ShellScript */ = {
			isa = PBXShellScriptBuildPhase;
			buildActionMask = 2147483647;
			files = (
			);
			inputPaths = (
			);
			outputPaths = (
			);
			runOnlyForDeploymentPostprocessing = 0;
			shellPath = /bin/sh;
			shellScript = "# Run the unit tests in this test bundle.\n\"${SYSTEM_DEVELOPER_DIR}/Tools/RunUnitTests\"\n";
		};
		CCCF857172D544359056C7B9 /* Copy Pods Resources */ = {
			isa = PBXShellScriptBuildPhase;
			buildActionMask = 2147483647;
			files = (
			);
			inputPaths = (
			);
			name = "Copy Pods Resources";
			outputPaths = (
			);
			runOnlyForDeploymentPostprocessing = 0;
			shellPath = /bin/sh;
			shellScript = "\"${SRCROOT}/Pods/Pods-resources.sh\"\n";
		};
/* End PBXShellScriptBuildPhase section */

/* Begin PBXSourcesBuildPhase section */
		B9075DE115E5EE3700DADA73 /* Sources */ = {
			isa = PBXSourcesBuildPhase;
			buildActionMask = 2147483647;
			files = (
				B9075DF115E5EE3700DADA73 /* main.m in Sources */,
				B9075DFD15E5F14600DADA73 /* BGAppDelegate.m in Sources */,
				B9075E0115E5F69000DADA73 /* BGNavigationController.m in Sources */,
				B9075E0C15E67A0D00DADA73 /* BGGlobalMenuViewController.m in Sources */,
			);
			runOnlyForDeploymentPostprocessing = 0;
		};
		B948A2A115E6C26700712CB0 /* Sources */ = {
			isa = PBXSourcesBuildPhase;
			buildActionMask = 2147483647;
			files = (
				B948A2B315E6C26700712CB0 /* BrowseGithubSpecs.m in Sources */,
			);
			runOnlyForDeploymentPostprocessing = 0;
		};
		B9EE7C5615B7C24200BC79D6 /* Sources */ = {
			isa = PBXSourcesBuildPhase;
			buildActionMask = 2147483647;
			files = (
				B9EE7C6B15B7C24200BC79D6 /* main.m in Sources */,
				B9EE7C6F15B7C24200BC79D6 /* BGAppDelegate.m in Sources */,
				B9075E0015E5F69000DADA73 /* BGNavigationController.m in Sources */,
				B9075E0B15E67A0D00DADA73 /* BGGlobalMenuViewController.m in Sources */,
			);
			runOnlyForDeploymentPostprocessing = 0;
		};
/* End PBXSourcesBuildPhase section */

/* Begin PBXVariantGroup section */
		B9075DED15E5EE3700DADA73 /* InfoPlist.strings */ = {
			isa = PBXVariantGroup;
			children = (
				B9075DEE15E5EE3700DADA73 /* en */,
			);
			name = InfoPlist.strings;
			sourceTree = "<group>";
		};
		B948A2AE15E6C26700712CB0 /* InfoPlist.strings */ = {
			isa = PBXVariantGroup;
			children = (
				B948A2AF15E6C26700712CB0 /* en */,
			);
			name = InfoPlist.strings;
			sourceTree = "<group>";
		};
		B9EE7C6715B7C24200BC79D6 /* InfoPlist.strings */ = {
			isa = PBXVariantGroup;
			children = (
				B9EE7C6815B7C24200BC79D6 /* en */,
			);
			name = InfoPlist.strings;
			sourceTree = "<group>";
		};
/* End PBXVariantGroup section */

/* Begin XCBuildConfiguration section */
		B9075DF615E5EE3700DADA73 /* Debug */ = {
			isa = XCBuildConfiguration;
			buildSettings = {
				"CODE_SIGN_IDENTITY[sdk=iphoneos*]" = "iPhone Developer";
				GCC_PRECOMPILE_PREFIX_HEADER = YES;
				GCC_PREFIX_HEADER = "BrowseGithubTests/BrowseGithubTests-Prefix.pch";
				HEADER_SEARCH_PATHS = (
					"$(SDKROOT)/usr/include/libxml2",
					"${PODS_HEADERS_SEARCH_PATHS}",
				);
				INFOPLIST_FILE = "BrowseGithubTests/BrowseGithubTests-Info.plist";
				OTHER_LDFLAGS = (
					"-ObjC",
					"-lxml2",
					"-framework",
					CFNetwork,
					"-framework",
					CoreData,
					"-framework",
					CoreLocation,
					"-framework",
					CoreText,
					"-framework",
					QuartzCore,
					"-framework",
					Security,
					"-framework",
					SystemConfiguration,
				);
				PODS_BUILD_HEADERS_SEARCH_PATHS = "\"${PODS_ROOT}/BuildHeaders\" \"${PODS_ROOT}/BuildHeaders/AFNetworking\" \"${PODS_ROOT}/BuildHeaders/AFOAuth2Client\" \"${PODS_ROOT}/BuildHeaders/CocoaAsyncSocket\" \"${PODS_ROOT}/BuildHeaders/CocoaHTTPServer\" \"${PODS_ROOT}/BuildHeaders/CocoaLumberjack\" \"${PODS_ROOT}/BuildHeaders/GHUnitIOS\" \"${PODS_ROOT}/BuildHeaders/JASidePanels\" \"${PODS_ROOT}/BuildHeaders/MagicalRecord\" \"${PODS_ROOT}/BuildHeaders/NLTHTTPStubServer\" \"${PODS_ROOT}/BuildHeaders/OCMock\" \"${PODS_ROOT}/BuildHeaders/TTTAttributedLabel\"";
				PODS_HEADERS_SEARCH_PATHS = "${PODS_PUBLIC_HEADERS_SEARCH_PATHS}";
				PODS_PUBLIC_HEADERS_SEARCH_PATHS = "\"${PODS_ROOT}/Headers\" \"${PODS_ROOT}/Headers/AFNetworking\" \"${PODS_ROOT}/Headers/AFOAuth2Client\" \"${PODS_ROOT}/Headers/CocoaAsyncSocket\" \"${PODS_ROOT}/Headers/CocoaHTTPServer\" \"${PODS_ROOT}/Headers/CocoaLumberjack\" \"${PODS_ROOT}/Headers/GHUnitIOS\" \"${PODS_ROOT}/Headers/JASidePanels\" \"${PODS_ROOT}/Headers/MagicalRecord\" \"${PODS_ROOT}/Headers/NLTHTTPStubServer\" \"${PODS_ROOT}/Headers/OCMock\" \"${PODS_ROOT}/Headers/TTTAttributedLabel\"";
				PODS_ROOT = "${SRCROOT}/Pods";
				PRODUCT_NAME = "$(TARGET_NAME)";
				TARGETED_DEVICE_FAMILY = "1,2";
				WRAPPER_EXTENSION = app;
			};
			name = Debug;
		};
		B9075DF715E5EE3700DADA73 /* Release */ = {
			isa = XCBuildConfiguration;
			buildSettings = {
				"CODE_SIGN_IDENTITY[sdk=iphoneos*]" = "iPhone Developer";
				GCC_PRECOMPILE_PREFIX_HEADER = YES;
				GCC_PREFIX_HEADER = "BrowseGithubTests/BrowseGithubTests-Prefix.pch";
				HEADER_SEARCH_PATHS = (
					"$(SDKROOT)/usr/include/libxml2",
					"${PODS_HEADERS_SEARCH_PATHS}",
				);
				INFOPLIST_FILE = "BrowseGithubTests/BrowseGithubTests-Info.plist";
				OTHER_LDFLAGS = (
					"-ObjC",
					"-lxml2",
					"-framework",
					CFNetwork,
					"-framework",
					CoreData,
					"-framework",
					CoreLocation,
					"-framework",
					CoreText,
					"-framework",
					QuartzCore,
					"-framework",
					Security,
					"-framework",
					SystemConfiguration,
				);
				PODS_BUILD_HEADERS_SEARCH_PATHS = "\"${PODS_ROOT}/BuildHeaders\" \"${PODS_ROOT}/BuildHeaders/AFNetworking\" \"${PODS_ROOT}/BuildHeaders/AFOAuth2Client\" \"${PODS_ROOT}/BuildHeaders/CocoaAsyncSocket\" \"${PODS_ROOT}/BuildHeaders/CocoaHTTPServer\" \"${PODS_ROOT}/BuildHeaders/CocoaLumberjack\" \"${PODS_ROOT}/BuildHeaders/GHUnitIOS\" \"${PODS_ROOT}/BuildHeaders/JASidePanels\" \"${PODS_ROOT}/BuildHeaders/MagicalRecord\" \"${PODS_ROOT}/BuildHeaders/NLTHTTPStubServer\" \"${PODS_ROOT}/BuildHeaders/OCMock\" \"${PODS_ROOT}/BuildHeaders/TTTAttributedLabel\"";
				PODS_HEADERS_SEARCH_PATHS = "${PODS_PUBLIC_HEADERS_SEARCH_PATHS}";
				PODS_PUBLIC_HEADERS_SEARCH_PATHS = "\"${PODS_ROOT}/Headers\" \"${PODS_ROOT}/Headers/AFNetworking\" \"${PODS_ROOT}/Headers/AFOAuth2Client\" \"${PODS_ROOT}/Headers/CocoaAsyncSocket\" \"${PODS_ROOT}/Headers/CocoaHTTPServer\" \"${PODS_ROOT}/Headers/CocoaLumberjack\" \"${PODS_ROOT}/Headers/GHUnitIOS\" \"${PODS_ROOT}/Headers/JASidePanels\" \"${PODS_ROOT}/Headers/MagicalRecord\" \"${PODS_ROOT}/Headers/NLTHTTPStubServer\" \"${PODS_ROOT}/Headers/OCMock\" \"${PODS_ROOT}/Headers/TTTAttributedLabel\"";
				PODS_ROOT = "${SRCROOT}/Pods";
				PRODUCT_NAME = "$(TARGET_NAME)";
				TARGETED_DEVICE_FAMILY = "1,2";
				WRAPPER_EXTENSION = app;
			};
			name = Release;
		};
		B948A2B515E6C26700712CB0 /* Debug */ = {
			isa = XCBuildConfiguration;
			buildSettings = {
				FRAMEWORK_SEARCH_PATHS = (
					"$(SDKROOT)/Developer/Library/Frameworks",
					"$(DEVELOPER_LIBRARY_DIR)/Frameworks",
				);
				GCC_PRECOMPILE_PREFIX_HEADER = YES;
				GCC_PREFIX_HEADER = "BrowseGithubSpecs/BrowseGithubSpecs-Prefix.pch";
				HEADER_SEARCH_PATHS = (
					"$(SDKROOT)/usr/include/libxml2",
					"${PODS_HEADERS_SEARCH_PATHS}",
				);
				INFOPLIST_FILE = "BrowseGithubSpecs/BrowseGithubSpecs-Info.plist";
				PODS_BUILD_HEADERS_SEARCH_PATHS = "\"${PODS_ROOT}/BuildHeaders\" \"${PODS_ROOT}/BuildHeaders/AFNetworking\" \"${PODS_ROOT}/BuildHeaders/AFOAuth2Client\" \"${PODS_ROOT}/BuildHeaders/CocoaAsyncSocket\" \"${PODS_ROOT}/BuildHeaders/CocoaHTTPServer\" \"${PODS_ROOT}/BuildHeaders/CocoaLumberjack\" \"${PODS_ROOT}/BuildHeaders/GHUnitIOS\" \"${PODS_ROOT}/BuildHeaders/JASidePanels\" \"${PODS_ROOT}/BuildHeaders/Kiwi\" \"${PODS_ROOT}/BuildHeaders/MagicalRecord\" \"${PODS_ROOT}/BuildHeaders/NLTHTTPStubServer\" \"${PODS_ROOT}/BuildHeaders/OCMock\" \"${PODS_ROOT}/BuildHeaders/TTTAttributedLabel\"";
				PODS_HEADERS_SEARCH_PATHS = "${PODS_PUBLIC_HEADERS_SEARCH_PATHS}";
				PODS_PUBLIC_HEADERS_SEARCH_PATHS = "\"${PODS_ROOT}/Headers\" \"${PODS_ROOT}/Headers/AFNetworking\" \"${PODS_ROOT}/Headers/AFOAuth2Client\" \"${PODS_ROOT}/Headers/CocoaAsyncSocket\" \"${PODS_ROOT}/Headers/CocoaHTTPServer\" \"${PODS_ROOT}/Headers/CocoaLumberjack\" \"${PODS_ROOT}/Headers/GHUnitIOS\" \"${PODS_ROOT}/Headers/JASidePanels\" \"${PODS_ROOT}/Headers/Kiwi\" \"${PODS_ROOT}/Headers/MagicalRecord\" \"${PODS_ROOT}/Headers/NLTHTTPStubServer\" \"${PODS_ROOT}/Headers/OCMock\" \"${PODS_ROOT}/Headers/TTTAttributedLabel\"";
				PODS_ROOT = "${SRCROOT}/Pods";
				PRODUCT_NAME = "$(TARGET_NAME)";
				WRAPPER_EXTENSION = octest;
			};
			name = Debug;
		};
		B948A2B615E6C26700712CB0 /* Release */ = {
			isa = XCBuildConfiguration;
			buildSettings = {
				FRAMEWORK_SEARCH_PATHS = (
					"$(SDKROOT)/Developer/Library/Frameworks",
					"$(DEVELOPER_LIBRARY_DIR)/Frameworks",
				);
				GCC_PRECOMPILE_PREFIX_HEADER = YES;
				GCC_PREFIX_HEADER = "BrowseGithubSpecs/BrowseGithubSpecs-Prefix.pch";
				HEADER_SEARCH_PATHS = (
					"$(SDKROOT)/usr/include/libxml2",
					"${PODS_HEADERS_SEARCH_PATHS}",
				);
				INFOPLIST_FILE = "BrowseGithubSpecs/BrowseGithubSpecs-Info.plist";
				PODS_BUILD_HEADERS_SEARCH_PATHS = "\"${PODS_ROOT}/BuildHeaders\" \"${PODS_ROOT}/BuildHeaders/AFNetworking\" \"${PODS_ROOT}/BuildHeaders/AFOAuth2Client\" \"${PODS_ROOT}/BuildHeaders/CocoaAsyncSocket\" \"${PODS_ROOT}/BuildHeaders/CocoaHTTPServer\" \"${PODS_ROOT}/BuildHeaders/CocoaLumberjack\" \"${PODS_ROOT}/BuildHeaders/GHUnitIOS\" \"${PODS_ROOT}/BuildHeaders/JASidePanels\" \"${PODS_ROOT}/BuildHeaders/Kiwi\" \"${PODS_ROOT}/BuildHeaders/MagicalRecord\" \"${PODS_ROOT}/BuildHeaders/NLTHTTPStubServer\" \"${PODS_ROOT}/BuildHeaders/OCMock\" \"${PODS_ROOT}/BuildHeaders/TTTAttributedLabel\"";
				PODS_HEADERS_SEARCH_PATHS = "${PODS_PUBLIC_HEADERS_SEARCH_PATHS}";
				PODS_PUBLIC_HEADERS_SEARCH_PATHS = "\"${PODS_ROOT}/Headers\" \"${PODS_ROOT}/Headers/AFNetworking\" \"${PODS_ROOT}/Headers/AFOAuth2Client\" \"${PODS_ROOT}/Headers/CocoaAsyncSocket\" \"${PODS_ROOT}/Headers/CocoaHTTPServer\" \"${PODS_ROOT}/Headers/CocoaLumberjack\" \"${PODS_ROOT}/Headers/GHUnitIOS\" \"${PODS_ROOT}/Headers/JASidePanels\" \"${PODS_ROOT}/Headers/Kiwi\" \"${PODS_ROOT}/Headers/MagicalRecord\" \"${PODS_ROOT}/Headers/NLTHTTPStubServer\" \"${PODS_ROOT}/Headers/OCMock\" \"${PODS_ROOT}/Headers/TTTAttributedLabel\"";
				PODS_ROOT = "${SRCROOT}/Pods";
				PRODUCT_NAME = "$(TARGET_NAME)";
				WRAPPER_EXTENSION = octest;
			};
			name = Release;
		};
		B9EE7C7615B7C24200BC79D6 /* Debug */ = {
			isa = XCBuildConfiguration;
			buildSettings = {
				ALWAYS_SEARCH_USER_PATHS = NO;
				ARCHS = "$(ARCHS_STANDARD_32_BIT)";
				CLANG_ENABLE_OBJC_ARC = YES;
				"CODE_SIGN_IDENTITY[sdk=iphoneos*]" = "iPhone Developer";
				COPY_PHASE_STRIP = NO;
				GCC_C_LANGUAGE_STANDARD = gnu99;
				GCC_DYNAMIC_NO_PIC = NO;
				GCC_OPTIMIZATION_LEVEL = 0;
				GCC_PREPROCESSOR_DEFINITIONS = (
					"DEBUG=1",
					"$(inherited)",
				);
				GCC_SYMBOLS_PRIVATE_EXTERN = NO;
				GCC_VERSION = com.apple.compilers.llvm.clang.1_0;
				GCC_WARN_ABOUT_RETURN_TYPE = YES;
				GCC_WARN_UNINITIALIZED_AUTOS = YES;
				GCC_WARN_UNUSED_VARIABLE = YES;
				IPHONEOS_DEPLOYMENT_TARGET = 5.1;
				SDKROOT = iphoneos;
			};
			name = Debug;
		};
		B9EE7C7715B7C24200BC79D6 /* Release */ = {
			isa = XCBuildConfiguration;
			buildSettings = {
				ALWAYS_SEARCH_USER_PATHS = NO;
				ARCHS = "$(ARCHS_STANDARD_32_BIT)";
				CLANG_ENABLE_OBJC_ARC = YES;
				"CODE_SIGN_IDENTITY[sdk=iphoneos*]" = "iPhone Developer";
				COPY_PHASE_STRIP = YES;
				GCC_C_LANGUAGE_STANDARD = gnu99;
				GCC_VERSION = com.apple.compilers.llvm.clang.1_0;
				GCC_WARN_ABOUT_RETURN_TYPE = YES;
				GCC_WARN_UNINITIALIZED_AUTOS = YES;
				GCC_WARN_UNUSED_VARIABLE = YES;
				IPHONEOS_DEPLOYMENT_TARGET = 5.1;
				OTHER_CFLAGS = "-DNS_BLOCK_ASSERTIONS=1";
				SDKROOT = iphoneos;
				VALIDATE_PRODUCT = YES;
			};
			name = Release;
		};
		B9EE7C7915B7C24200BC79D6 /* Debug */ = {
			isa = XCBuildConfiguration;
			baseConfigurationReference = 97B639BC8EB943CD8994A6BC /* Pods.xcconfig */;
			buildSettings = {
				CODE_SIGN_IDENTITY = "iPhone Developer";
				GCC_PRECOMPILE_PREFIX_HEADER = YES;
				GCC_PREFIX_HEADER = "BrowseGithub/BrowseGithub-Prefix.pch";
				INFOPLIST_FILE = "BrowseGithub/BrowseGithub-Info.plist";
				PRODUCT_NAME = "$(TARGET_NAME)";
				PROVISIONING_PROFILE = "";
				TARGETED_DEVICE_FAMILY = 1;
				WRAPPER_EXTENSION = app;
			};
			name = Debug;
		};
		B9EE7C7A15B7C24200BC79D6 /* Release */ = {
			isa = XCBuildConfiguration;
			baseConfigurationReference = 97B639BC8EB943CD8994A6BC /* Pods.xcconfig */;
			buildSettings = {
				CODE_SIGN_IDENTITY = "iPhone Developer";
				GCC_PRECOMPILE_PREFIX_HEADER = YES;
				GCC_PREFIX_HEADER = "BrowseGithub/BrowseGithub-Prefix.pch";
				INFOPLIST_FILE = "BrowseGithub/BrowseGithub-Info.plist";
				PRODUCT_NAME = "$(TARGET_NAME)";
				PROVISIONING_PROFILE = "";
				TARGETED_DEVICE_FAMILY = 1;
				WRAPPER_EXTENSION = app;
			};
			name = Release;
		};
/* End XCBuildConfiguration section */

/* Begin XCConfigurationList section */
		B9075DF815E5EE3700DADA73 /* Build configuration list for PBXNativeTarget "BrowseGithubTests" */ = {
			isa = XCConfigurationList;
			buildConfigurations = (
				B9075DF615E5EE3700DADA73 /* Debug */,
				B9075DF715E5EE3700DADA73 /* Release */,
			);
			defaultConfigurationIsVisible = 0;
			defaultConfigurationName = Release;
		};
		B948A2B715E6C26700712CB0 /* Build configuration list for PBXNativeTarget "BrowseGithubSpecs" */ = {
			isa = XCConfigurationList;
			buildConfigurations = (
				B948A2B515E6C26700712CB0 /* Debug */,
				B948A2B615E6C26700712CB0 /* Release */,
			);
			defaultConfigurationIsVisible = 0;
		};
		B9EE7C5415B7C24200BC79D6 /* Build configuration list for PBXProject "BrowseGithub" */ = {
			isa = XCConfigurationList;
			buildConfigurations = (
				B9EE7C7615B7C24200BC79D6 /* Debug */,
				B9EE7C7715B7C24200BC79D6 /* Release */,
			);
			defaultConfigurationIsVisible = 0;
			defaultConfigurationName = Release;
		};
		B9EE7C7815B7C24200BC79D6 /* Build configuration list for PBXNativeTarget "BrowseGithub" */ = {
			isa = XCConfigurationList;
			buildConfigurations = (
				B9EE7C7915B7C24200BC79D6 /* Debug */,
				B9EE7C7A15B7C24200BC79D6 /* Release */,
			);
			defaultConfigurationIsVisible = 0;
			defaultConfigurationName = Release;
		};
/* End XCConfigurationList section */
	};
	rootObject = B9EE7C5115B7C24200BC79D6 /* Project object */;
}
